// !$*UTF8*$!
{
	archiveVersion = 1;
	classes = {
	};
	objectVersion = 42;
	objects = {

/* Begin PBXBuildFile section */
		AB053FAC0A33135800FA2918 /* StartupWinController.game.m in Sources */ = {isa = PBXBuildFile; fileRef = AB053FAB0A33135800FA2918 /* StartupWinController.game.m */; };
		AB053FAD0A33136000FA2918 /* osxmain.nib in Resources */ = {isa = PBXBuildFile; fileRef = AB3E07700A3307F700FF2442 /* osxmain.nib */; };
		AB053FAF0A33136D00FA2918 /* startwin.game.nib in Resources */ = {isa = PBXBuildFile; fileRef = AB053FAE0A33136D00FA2918 /* startwin.game.nib */; };
		AB053FB70A3313A000FA2918 /* game.bmp in Resources */ = {isa = PBXBuildFile; fileRef = AB053FB60A3313A000FA2918 /* game.bmp */; };
		AB3E07660A33068500FF2442 /* startwin.editor.nib in Resources */ = {isa = PBXBuildFile; fileRef = AB3E07650A33068500FF2442 /* startwin.editor.nib */; };
		AB3E076E0A3306CE00FF2442 /* build.bmp in Resources */ = {isa = PBXBuildFile; fileRef = AB3E076D0A3306CE00FF2442 /* build.bmp */; };
		AB3E07710A3307F700FF2442 /* osxmain.nib in Resources */ = {isa = PBXBuildFile; fileRef = AB3E07700A3307F700FF2442 /* osxmain.nib */; };
		AB7360330A29AB7E003261DC /* game.c in Sources */ = {isa = PBXBuildFile; fileRef = AB7360310A29AB7E003261DC /* game.c */; };
		AB7360340A29AB7E003261DC /* jfaud_sound.cpp in Sources */ = {isa = PBXBuildFile; fileRef = AB7360320A29AB7E003261DC /* jfaud_sound.cpp */; };
		AB73604B0A29AD5F003261DC /* libengine.a in Frameworks */ = {isa = PBXBuildFile; fileRef = AB73601B0A29AA70003261DC /* libengine.a */; };
		AB73605A0A29ADB5003261DC /* libengine.a in Frameworks */ = {isa = PBXBuildFile; fileRef = AB73601B0A29AA70003261DC /* libengine.a */; };
		AB73605B0A29ADB7003261DC /* libeditor.a in Frameworks */ = {isa = PBXBuildFile; fileRef = AB73601D0A29AA70003261DC /* libeditor.a */; };
		AB73605D0A29ADCD003261DC /* bstub.c in Sources */ = {isa = PBXBuildFile; fileRef = AB73605C0A29ADCD003261DC /* bstub.c */; };
		AB7360A20A29B5A0003261DC /* jfaud.framework in Frameworks */ = {isa = PBXBuildFile; fileRef = AB73609D0A29B57D003261DC /* jfaud.framework */; };
		AB7361230A29B9D4003261DC /* SDL.framework in Frameworks */ = {isa = PBXBuildFile; fileRef = AB7361220A29B9D4003261DC /* SDL.framework */; };
		AB7361240A29B9D4003261DC /* SDL.framework in Frameworks */ = {isa = PBXBuildFile; fileRef = AB7361220A29B9D4003261DC /* SDL.framework */; };
		AB7361290A29BA60003261DC /* CoreFoundation.framework in Frameworks */ = {isa = PBXBuildFile; fileRef = AB7361280A29BA60003261DC /* CoreFoundation.framework */; };
		AB73612A0A29BA60003261DC /* CoreFoundation.framework in Frameworks */ = {isa = PBXBuildFile; fileRef = AB7361280A29BA60003261DC /* CoreFoundation.framework */; };
		AB73612D0A29BA7A003261DC /* AppKit.framework in Frameworks */ = {isa = PBXBuildFile; fileRef = AB73612C0A29BA7A003261DC /* AppKit.framework */; };
		AB73612E0A29BA7A003261DC /* AppKit.framework in Frameworks */ = {isa = PBXBuildFile; fileRef = AB73612C0A29BA7A003261DC /* AppKit.framework */; };
/* End PBXBuildFile section */

/* Begin PBXContainerItemProxy section */
		AB73601A0A29AA70003261DC /* PBXContainerItemProxy */ = {
			isa = PBXContainerItemProxy;
			containerPortal = AB7360140A29AA70003261DC /* engine.xcodeproj */;
			proxyType = 2;
			remoteGlobalIDString = AB735F490A29A2DC003261DC;
			remoteInfo = engine;
		};
		AB73601C0A29AA70003261DC /* PBXContainerItemProxy */ = {
			isa = PBXContainerItemProxy;
			containerPortal = AB7360140A29AA70003261DC /* engine.xcodeproj */;
			proxyType = 2;
			remoteGlobalIDString = AB735FCC0A29A916003261DC;
			remoteInfo = editor;
		};
		AB73601E0A29AA70003261DC /* PBXContainerItemProxy */ = {
			isa = PBXContainerItemProxy;
			containerPortal = AB7360140A29AA70003261DC /* engine.xcodeproj */;
			proxyType = 2;
			remoteGlobalIDString = AB7360030A29A9B3003261DC;
			remoteInfo = enginez;
		};
		AB7360490A29AD51003261DC /* PBXContainerItemProxy */ = {
			isa = PBXContainerItemProxy;
			containerPortal = AB7360140A29AA70003261DC /* engine.xcodeproj */;
			proxyType = 1;
			remoteGlobalIDString = AB735F480A29A2DC003261DC;
			remoteInfo = engine;
		};
		AB7360560A29AD99003261DC /* PBXContainerItemProxy */ = {
			isa = PBXContainerItemProxy;
			containerPortal = AB7360140A29AA70003261DC /* engine.xcodeproj */;
			proxyType = 1;
			remoteGlobalIDString = AB735F480A29A2DC003261DC;
			remoteInfo = engine;
		};
		AB7360580A29AD99003261DC /* PBXContainerItemProxy */ = {
			isa = PBXContainerItemProxy;
			containerPortal = AB7360140A29AA70003261DC /* engine.xcodeproj */;
			proxyType = 1;
			remoteGlobalIDString = AB735FCB0A29A916003261DC;
			remoteInfo = editor;
		};
		AB73609C0A29B57D003261DC /* PBXContainerItemProxy */ = {
			isa = PBXContainerItemProxy;
			containerPortal = AB7360940A29B57D003261DC /* jfaud.xcodeproj */;
			proxyType = 2;
			remoteGlobalIDString = ABF441760A2828620057225F;
			remoteInfo = jfaud;
		};
		AB73609E0A29B57D003261DC /* PBXContainerItemProxy */ = {
			isa = PBXContainerItemProxy;
			containerPortal = AB7360940A29B57D003261DC /* jfaud.xcodeproj */;
			proxyType = 2;
			remoteGlobalIDString = ABF441320A2825040057225F;
			remoteInfo = mpadec;
		};
		AB7360A00A29B585003261DC /* PBXContainerItemProxy */ = {
			isa = PBXContainerItemProxy;
			containerPortal = AB7360940A29B57D003261DC /* jfaud.xcodeproj */;
			proxyType = 1;
			remoteGlobalIDString = ABF441750A2828620057225F;
			remoteInfo = jfaud;
		};
/* End PBXContainerItemProxy section */

/* Begin PBXFileReference section */
		AB053FAB0A33135800FA2918 /* StartupWinController.game.m */ = {isa = PBXFileReference; fileEncoding = 4; lastKnownFileType = sourcecode.c.objc; path = StartupWinController.game.m; sourceTree = "<group>"; };
		AB053FAE0A33136D00FA2918 /* startwin.game.nib */ = {isa = PBXFileReference; lastKnownFileType = wrapper.nib; path = startwin.game.nib; sourceTree = "<group>"; };
		AB053FB60A3313A000FA2918 /* game.bmp */ = {isa = PBXFileReference; lastKnownFileType = image.bmp; name = game.bmp; path = ../rsrc/game.bmp; sourceTree = SOURCE_ROOT; };
		AB3E07650A33068500FF2442 /* startwin.editor.nib */ = {isa = PBXFileReference; lastKnownFileType = wrapper.nib; path = startwin.editor.nib; sourceTree = SOURCE_ROOT; };
		AB3E076D0A3306CE00FF2442 /* build.bmp */ = {isa = PBXFileReference; lastKnownFileType = image.bmp; name = build.bmp; path = ../rsrc/build.bmp; sourceTree = SOURCE_ROOT; };
		AB3E07700A3307F700FF2442 /* osxmain.nib */ = {isa = PBXFileReference; lastKnownFileType = wrapper.nib; path = osxmain.nib; sourceTree = SOURCE_ROOT; };
		AB7360140A29AA70003261DC /* engine.xcodeproj */ = {isa = PBXFileReference; lastKnownFileType = "wrapper.pb-project"; path = engine.xcodeproj; sourceTree = "<group>"; };
		AB73602A0A29AB08003261DC /* game.app */ = {isa = PBXFileReference; explicitFileType = wrapper.application; includeInIndex = 0; path = game.app; sourceTree = BUILT_PRODUCTS_DIR; };
		AB73602D0A29AB08003261DC /* game-Info.plist */ = {isa = PBXFileReference; lastKnownFileType = text.xml; path = "game-Info.plist"; sourceTree = "<group>"; };
		AB7360310A29AB7E003261DC /* game.c */ = {isa = PBXFileReference; fileEncoding = 4; lastKnownFileType = sourcecode.c.c; path = game.c; sourceTree = "<group>"; };
		AB7360320A29AB7E003261DC /* jfaud_sound.cpp */ = {isa = PBXFileReference; fileEncoding = 4; lastKnownFileType = sourcecode.cpp.cpp; path = jfaud_sound.cpp; sourceTree = "<group>"; };
		AB7360350A29AB93003261DC /* game.h */ = {isa = PBXFileReference; fileEncoding = 4; lastKnownFileType = sourcecode.c.h; path = game.h; sourceTree = "<group>"; };
		AB7360500A29AD92003261DC /* build.app */ = {isa = PBXFileReference; explicitFileType = wrapper.application; includeInIndex = 0; path = build.app; sourceTree = BUILT_PRODUCTS_DIR; };
		AB7360520A29AD92003261DC /* build-Info.plist */ = {isa = PBXFileReference; lastKnownFileType = text.xml; path = "build-Info.plist"; sourceTree = "<group>"; };
		AB73605C0A29ADCD003261DC /* bstub.c */ = {isa = PBXFileReference; fileEncoding = 4; lastKnownFileType = sourcecode.c.c; path = bstub.c; sourceTree = "<group>"; };
		AB7360940A29B57D003261DC /* jfaud.xcodeproj */ = {isa = PBXFileReference; lastKnownFileType = "wrapper.pb-project"; name = jfaud.xcodeproj; path = ../../jfaud/osx/jfaud.xcodeproj; sourceTree = SOURCE_ROOT; };
		AB7361220A29B9D4003261DC /* SDL.framework */ = {isa = PBXFileReference; lastKnownFileType = wrapper.framework; name = SDL.framework; path = /Library/Frameworks/SDL.framework; sourceTree = "<absolute>"; };
		AB7361280A29BA60003261DC /* CoreFoundation.framework */ = {isa = PBXFileReference; lastKnownFileType = wrapper.framework; name = CoreFoundation.framework; path = /System/Library/Frameworks/CoreFoundation.framework; sourceTree = "<absolute>"; };
		AB73612C0A29BA7A003261DC /* AppKit.framework */ = {isa = PBXFileReference; lastKnownFileType = wrapper.framework; name = AppKit.framework; path = /System/Library/Frameworks/AppKit.framework; sourceTree = "<absolute>"; };
/* End PBXFileReference section */

/* Begin PBXFrameworksBuildPhase section */
		AB7360280A29AB08003261DC /* Frameworks */ = {
			isa = PBXFrameworksBuildPhase;
			buildActionMask = 2147483647;
			files = (
				AB73604B0A29AD5F003261DC /* libengine.a in Frameworks */,
				AB7360A20A29B5A0003261DC /* jfaud.framework in Frameworks */,
				AB7361230A29B9D4003261DC /* SDL.framework in Frameworks */,
				AB7361290A29BA60003261DC /* CoreFoundation.framework in Frameworks */,
				AB73612D0A29BA7A003261DC /* AppKit.framework in Frameworks */,
			);
			runOnlyForDeploymentPostprocessing = 0;
		};
		AB73604E0A29AD92003261DC /* Frameworks */ = {
			isa = PBXFrameworksBuildPhase;
			buildActionMask = 2147483647;
			files = (
				AB73605A0A29ADB5003261DC /* libengine.a in Frameworks */,
				AB73605B0A29ADB7003261DC /* libeditor.a in Frameworks */,
				AB7361240A29B9D4003261DC /* SDL.framework in Frameworks */,
				AB73612A0A29BA60003261DC /* CoreFoundation.framework in Frameworks */,
				AB73612E0A29BA7A003261DC /* AppKit.framework in Frameworks */,
			);
			runOnlyForDeploymentPostprocessing = 0;
		};
/* End PBXFrameworksBuildPhase section */

/* Begin PBXGroup section */
		AB7360090A29AA64003261DC = {
			isa = PBXGroup;
			children = (
				AB7360210A29AA91003261DC /* Editor */,
				AB7360200A29AA88003261DC /* Game */,
				AB7361210A29B9B1003261DC /* Frameworks */,
				AB7360140A29AA70003261DC /* engine.xcodeproj */,
				AB7360940A29B57D003261DC /* jfaud.xcodeproj */,
				AB73602B0A29AB08003261DC /* Products */,
			);
			sourceTree = "<group>";
		};
		AB7360150A29AA70003261DC /* Products */ = {
			isa = PBXGroup;
			children = (
				AB73601B0A29AA70003261DC /* libengine.a */,
				AB73601D0A29AA70003261DC /* libeditor.a */,
				AB73601F0A29AA70003261DC /* libengine.a */,
			);
			name = Products;
			sourceTree = "<group>";
		};
		AB7360200A29AA88003261DC /* Game */ = {
			isa = PBXGroup;
			children = (
				AB7360230A29AAA8003261DC /* include */,
				AB7360220A29AA96003261DC /* src */,
				AB053FAE0A33136D00FA2918 /* startwin.game.nib */,
				AB053FB60A3313A000FA2918 /* game.bmp */,
				AB73602D0A29AB08003261DC /* game-Info.plist */,
			);
			name = Game;
			sourceTree = "<group>";
		};
		AB7360210A29AA91003261DC /* Editor */ = {
			isa = PBXGroup;
			children = (
				AB7360250A29AAD7003261DC /* include */,
				AB7360240A29AAC7003261DC /* src */,
				AB3E07700A3307F700FF2442 /* osxmain.nib */,
				AB3E07650A33068500FF2442 /* startwin.editor.nib */,
				AB3E076D0A3306CE00FF2442 /* build.bmp */,
				AB7360520A29AD92003261DC /* build-Info.plist */,
			);
			name = Editor;
			sourceTree = "<group>";
		};
		AB7360220A29AA96003261DC /* src */ = {
			isa = PBXGroup;
			children = (
				AB053FAB0A33135800FA2918 /* StartupWinController.game.m */,
				AB7360310A29AB7E003261DC /* game.c */,
				AB7360320A29AB7E003261DC /* jfaud_sound.cpp */,
			);
			name = src;
			path = ../src;
			sourceTree = "<group>";
		};
		AB7360230A29AAA8003261DC /* include */ = {
			isa = PBXGroup;
			children = (
				AB7360350A29AB93003261DC /* game.h */,
			);
			name = include;
			path = ../include;
			sourceTree = "<group>";
		};
		AB7360240A29AAC7003261DC /* src */ = {
			isa = PBXGroup;
			children = (
				AB73605C0A29ADCD003261DC /* bstub.c */,
			);
			name = src;
			path = ../src;
			sourceTree = "<group>";
		};
		AB7360250A29AAD7003261DC /* include */ = {
			isa = PBXGroup;
			children = (
			);
			name = include;
			path = ../include;
			sourceTree = "<group>";
		};
		AB73602B0A29AB08003261DC /* Products */ = {
			isa = PBXGroup;
			children = (
				AB73602A0A29AB08003261DC /* game.app */,
				AB7360500A29AD92003261DC /* build.app */,
			);
			name = Products;
			sourceTree = "<group>";
		};
		AB7360950A29B57D003261DC /* Products */ = {
			isa = PBXGroup;
			children = (
				AB73609D0A29B57D003261DC /* jfaud.framework */,
				AB73609F0A29B57D003261DC /* libmpadec.a */,
			);
			name = Products;
			sourceTree = "<group>";
		};
		AB7361210A29B9B1003261DC /* Frameworks */ = {
			isa = PBXGroup;
			children = (
				AB73612C0A29BA7A003261DC /* AppKit.framework */,
				AB7361280A29BA60003261DC /* CoreFoundation.framework */,
				AB7361220A29B9D4003261DC /* SDL.framework */,
			);
			name = Frameworks;
			sourceTree = "<group>";
		};
/* End PBXGroup section */

/* Begin PBXNativeTarget section */
		AB7360290A29AB08003261DC /* game */ = {
			isa = PBXNativeTarget;
			buildConfigurationList = AB73602E0A29AB09003261DC /* Build configuration list for PBXNativeTarget "game" */;
			buildPhases = (
				AB7360260A29AB08003261DC /* Resources */,
				AB7360270A29AB08003261DC /* Sources */,
				AB7360280A29AB08003261DC /* Frameworks */,
			);
			buildRules = (
			);
			dependencies = (
				AB73604A0A29AD51003261DC /* PBXTargetDependency */,
				AB7360A10A29B585003261DC /* PBXTargetDependency */,
			);
			name = game;
			productName = game;
			productReference = AB73602A0A29AB08003261DC /* game.app */;
			productType = "com.apple.product-type.application";
		};
		AB73604F0A29AD92003261DC /* build */ = {
			isa = PBXNativeTarget;
			buildConfigurationList = AB7360530A29AD92003261DC /* Build configuration list for PBXNativeTarget "build" */;
			buildPhases = (
				AB73604C0A29AD92003261DC /* Resources */,
				AB73604D0A29AD92003261DC /* Sources */,
				AB73604E0A29AD92003261DC /* Frameworks */,
			);
			buildRules = (
			);
			dependencies = (
				AB7360570A29AD99003261DC /* PBXTargetDependency */,
				AB7360590A29AD99003261DC /* PBXTargetDependency */,
			);
			name = build;
			productName = build;
			productReference = AB7360500A29AD92003261DC /* build.app */;
			productType = "com.apple.product-type.application";
		};
/* End PBXNativeTarget section */

/* Begin PBXProject section */
		AB73600B0A29AA64003261DC /* Project object */ = {
			isa = PBXProject;
			buildConfigurationList = AB73600C0A29AA64003261DC /* Build configuration list for PBXProject "game" */;
			hasScannedForEncodings = 0;
			mainGroup = AB7360090A29AA64003261DC;
			productRefGroup = AB73602B0A29AB08003261DC /* Products */;
			projectDirPath = "";
			projectReferences = (
				{
					ProductGroup = AB7360150A29AA70003261DC /* Products */;
					ProjectRef = AB7360140A29AA70003261DC /* engine.xcodeproj */;
				},
				{
					ProductGroup = AB7360950A29B57D003261DC /* Products */;
					ProjectRef = AB7360940A29B57D003261DC /* jfaud.xcodeproj */;
				},
			);
			targets = (
				AB7360290A29AB08003261DC /* game */,
				AB73604F0A29AD92003261DC /* build */,
			);
		};
/* End PBXProject section */

/* Begin PBXReferenceProxy section */
		AB73601B0A29AA70003261DC /* libengine.a */ = {
			isa = PBXReferenceProxy;
			fileType = archive.ar;
			path = libengine.a;
			remoteRef = AB73601A0A29AA70003261DC /* PBXContainerItemProxy */;
			sourceTree = BUILT_PRODUCTS_DIR;
		};
		AB73601D0A29AA70003261DC /* libeditor.a */ = {
			isa = PBXReferenceProxy;
			fileType = archive.ar;
			path = libeditor.a;
			remoteRef = AB73601C0A29AA70003261DC /* PBXContainerItemProxy */;
			sourceTree = BUILT_PRODUCTS_DIR;
		};
		AB73601F0A29AA70003261DC /* libengine.a */ = {
			isa = PBXReferenceProxy;
			fileType = archive.ar;
			path = libengine.a;
			remoteRef = AB73601E0A29AA70003261DC /* PBXContainerItemProxy */;
			sourceTree = BUILT_PRODUCTS_DIR;
		};
		AB73609D0A29B57D003261DC /* jfaud.framework */ = {
			isa = PBXReferenceProxy;
			fileType = wrapper.framework;
			path = jfaud.framework;
			remoteRef = AB73609C0A29B57D003261DC /* PBXContainerItemProxy */;
			sourceTree = BUILT_PRODUCTS_DIR;
		};
		AB73609F0A29B57D003261DC /* libmpadec.a */ = {
			isa = PBXReferenceProxy;
			fileType = archive.ar;
			path = libmpadec.a;
			remoteRef = AB73609E0A29B57D003261DC /* PBXContainerItemProxy */;
			sourceTree = BUILT_PRODUCTS_DIR;
		};
/* End PBXReferenceProxy section */

/* Begin PBXResourcesBuildPhase section */
		AB7360260A29AB08003261DC /* Resources */ = {
			isa = PBXResourcesBuildPhase;
			buildActionMask = 2147483647;
			files = (
				AB053FAD0A33136000FA2918 /* osxmain.nib in Resources */,
				AB053FAF0A33136D00FA2918 /* startwin.game.nib in Resources */,
				AB053FB70A3313A000FA2918 /* game.bmp in Resources */,
			);
			runOnlyForDeploymentPostprocessing = 0;
		};
		AB73604C0A29AD92003261DC /* Resources */ = {
			isa = PBXResourcesBuildPhase;
			buildActionMask = 2147483647;
			files = (
				AB3E07660A33068500FF2442 /* startwin.editor.nib in Resources */,
				AB3E076E0A3306CE00FF2442 /* build.bmp in Resources */,
				AB3E07710A3307F700FF2442 /* osxmain.nib in Resources */,
			);
			runOnlyForDeploymentPostprocessing = 0;
		};
/* End PBXResourcesBuildPhase section */

/* Begin PBXSourcesBuildPhase section */
		AB7360270A29AB08003261DC /* Sources */ = {
			isa = PBXSourcesBuildPhase;
			buildActionMask = 2147483647;
			files = (
				AB7360330A29AB7E003261DC /* game.c in Sources */,
				AB7360340A29AB7E003261DC /* jfaud_sound.cpp in Sources */,
				AB053FAC0A33135800FA2918 /* StartupWinController.game.m in Sources */,
			);
			runOnlyForDeploymentPostprocessing = 0;
		};
		AB73604D0A29AD92003261DC /* Sources */ = {
			isa = PBXSourcesBuildPhase;
			buildActionMask = 2147483647;
			files = (
				AB73605D0A29ADCD003261DC /* bstub.c in Sources */,
			);
			runOnlyForDeploymentPostprocessing = 0;
		};
/* End PBXSourcesBuildPhase section */

/* Begin PBXTargetDependency section */
		AB73604A0A29AD51003261DC /* PBXTargetDependency */ = {
			isa = PBXTargetDependency;
			name = engine;
			targetProxy = AB7360490A29AD51003261DC /* PBXContainerItemProxy */;
		};
		AB7360570A29AD99003261DC /* PBXTargetDependency */ = {
			isa = PBXTargetDependency;
			name = engine;
			targetProxy = AB7360560A29AD99003261DC /* PBXContainerItemProxy */;
		};
		AB7360590A29AD99003261DC /* PBXTargetDependency */ = {
			isa = PBXTargetDependency;
			name = editor;
			targetProxy = AB7360580A29AD99003261DC /* PBXContainerItemProxy */;
		};
		AB7360A10A29B585003261DC /* PBXTargetDependency */ = {
			isa = PBXTargetDependency;
			name = jfaud;
			targetProxy = AB7360A00A29B585003261DC /* PBXContainerItemProxy */;
		};
/* End PBXTargetDependency section */

/* Begin XCBuildConfiguration section */
		AB73600D0A29AA64003261DC /* Debug */ = {
			isa = XCBuildConfiguration;
			buildSettings = {
				ARCHS = (
					ppc,
					i386,
				);
				COPY_PHASE_STRIP = NO;
				FRAMEWORK_SEARCH_PATHS = /Library/Frameworks;
				GCC_CHAR_IS_UNSIGNED_CHAR = YES;
				GCC_ENABLE_CPP_EXCEPTIONS = NO;
				GCC_ENABLE_CPP_RTTI = NO;
				GCC_OPTIMIZATION_LEVEL = 0;
				GCC_PREPROCESSOR_DEFINITIONS = (
					SUPERBUILD,
					POLYMOST,
					USE_OPENGL,
					DYNAMIC_OPENGL,
					USE_A_C,
					NOASM,
					RENDERTYPESDL,
				);
				GCC_VERSION_i386 = 4.0;
				GCC_VERSION_ppc = 3.3;
				HEADER_SEARCH_PATHS = ../include;
				MACOSX_DEPLOYMENT_TARGET_i386 = 10.4;
				MACOSX_DEPLOYMENT_TARGET_ppc = 10.2;
				PREBINDING = NO;
				SDKROOT_i386 = /Developer/SDKs/MacOSX10.4u.sdk;
				SDKROOT_ppc = /Developer/SDKs/MacOSX10.2.8.sdk;
			};
			name = Debug;
		};
		AB73600E0A29AA64003261DC /* Release */ = {
			isa = XCBuildConfiguration;
			buildSettings = {
				ARCHS = (
					ppc,
					i386,
				);
				COPY_PHASE_STRIP = YES;
				FRAMEWORK_SEARCH_PATHS = /Library/Frameworks;
				GCC_CHAR_IS_UNSIGNED_CHAR = YES;
				GCC_ENABLE_CPP_EXCEPTIONS = NO;
				GCC_ENABLE_CPP_RTTI = NO;
				GCC_PREPROCESSOR_DEFINITIONS = (
					SUPERBUILD,
					POLYMOST,
					USE_OPENGL,
					DYNAMIC_OPENGL,
					USE_A_C,
					NOASM,
					RENDERTYPESDL,
				);
				GCC_VERSION_i386 = 4.0;
				GCC_VERSION_ppc = 3.3;
				HEADER_SEARCH_PATHS = ../include;
				MACOSX_DEPLOYMENT_TARGET_i386 = 10.4;
				MACOSX_DEPLOYMENT_TARGET_ppc = 10.2;
				PREBINDING = NO;
				SDKROOT_i386 = /Developer/SDKs/MacOSX10.4u.sdk;
				SDKROOT_ppc = /Developer/SDKs/MacOSX10.2.8.sdk;
			};
			name = Release;
		};
		AB73602F0A29AB09003261DC /* Debug */ = {
			isa = XCBuildConfiguration;
			buildSettings = {
				GCC_ENABLE_FIX_AND_CONTINUE = YES;
				INFOPLIST_FILE = "game-Info.plist";
				INSTALL_PATH = "$(HOME)/Applications";
				PRODUCT_NAME = game;
				WRAPPER_EXTENSION = app;
			};
			name = Debug;
		};
		AB7360300A29AB09003261DC /* Release */ = {
			isa = XCBuildConfiguration;
			buildSettings = {
				GCC_ENABLE_FIX_AND_CONTINUE = NO;
				INFOPLIST_FILE = "game-Info.plist";
				INSTALL_PATH = "$(HOME)/Applications";
				PRODUCT_NAME = game;
				WRAPPER_EXTENSION = app;
			};
			name = Release;
		};
		AB7360540A29AD92003261DC /* Debug */ = {
			isa = XCBuildConfiguration;
			buildSettings = {
				INFOPLIST_FILE = "build-Info.plist";
				INSTALL_PATH = "$(HOME)/Applications";
				PRODUCT_NAME = build;
				WRAPPER_EXTENSION = app;
			};
			name = Debug;
		};
		AB7360550A29AD92003261DC /* Release */ = {
			isa = XCBuildConfiguration;
			buildSettings = {
				INFOPLIST_FILE = "build-Info.plist";
				INSTALL_PATH = "$(HOME)/Applications";
				PRODUCT_NAME = build;
				WRAPPER_EXTENSION = app;
			};
			name = Release;
		};
/* End XCBuildConfiguration section */

/* Begin XCConfigurationList section */
		AB73600C0A29AA64003261DC /* Build configuration list for PBXProject "game" */ = {
			isa = XCConfigurationList;
			buildConfigurations = (
				AB73600D0A29AA64003261DC /* Debug */,
				AB73600E0A29AA64003261DC /* Release */,
			);
			defaultConfigurationIsVisible = 0;
			defaultConfigurationName = Release;
		};
		AB73602E0A29AB09003261DC /* Build configuration list for PBXNativeTarget "game" */ = {
			isa = XCConfigurationList;
			buildConfigurations = (
				AB73602F0A29AB09003261DC /* Debug */,
				AB7360300A29AB09003261DC /* Release */,
			);
			defaultConfigurationIsVisible = 0;
			defaultConfigurationName = Release;
		};
		AB7360530A29AD92003261DC /* Build configuration list for PBXNativeTarget "build" */ = {
			isa = XCConfigurationList;
			buildConfigurations = (
				AB7360540A29AD92003261DC /* Debug */,
				AB7360550A29AD92003261DC /* Release */,
			);
			defaultConfigurationIsVisible = 0;
			defaultConfigurationName = Release;
		};
/* End XCConfigurationList section */
	};
	rootObject = AB73600B0A29AA64003261DC /* Project object */;
}
