// !$*UTF8*$!
{
	archiveVersion = 1;
	classes = {
	};
	objectVersion = 52;
	objects = {

/* Begin PBXAggregateTarget section */
		AB77B4D2171AC3E800982712 /* tools */ = {
			isa = PBXAggregateTarget;
			buildConfigurationList = AB77B4EB171AC41C00982712 /* Build configuration list for PBXAggregateTarget "tools" */;
			buildPhases = (
			);
			dependencies = (
				AB77B4D6171AC3F700982712 /* PBXTargetDependency */,
				AB77B4D8171AC3F700982712 /* PBXTargetDependency */,
				AB77B4DA171AC3F700982712 /* PBXTargetDependency */,
				ABD03E291A518A1F0012B9D1 /* PBXTargetDependency */,
			);
			name = tools;
			productName = tools;
		};
/* End PBXAggregateTarget section */

/* Begin PBXBuildFile section */
		AB1751270CEF5AF8003AF128 /* SDL2.framework in Frameworks */ = {isa = PBXBuildFile; fileRef = AB1751260CEF5AF8003AF128 /* SDL2.framework */; };
		AB3B2A0E0EE3FC0400944CD1 /* hightile.c in Sources */ = {isa = PBXBuildFile; fileRef = AB3B2A0D0EE3FC0400944CD1 /* hightile.c */; };
		AB3B2A1D0EE3FCF900944CD1 /* polymost.c in Sources */ = {isa = PBXBuildFile; fileRef = AB3B2A1C0EE3FCF900944CD1 /* polymost.c */; };
		AB3B2AB60EE402B600944CD1 /* engine_priv.h in Headers */ = {isa = PBXBuildFile; fileRef = AB3B2AB50EE402B600944CD1 /* engine_priv.h */; };
		AB3B2AC20EE4033300944CD1 /* hightile_priv.h in Headers */ = {isa = PBXBuildFile; fileRef = AB3B2ABF0EE4033300944CD1 /* hightile_priv.h */; };
		AB3B2AC30EE4033300944CD1 /* mdsprite_priv.h in Headers */ = {isa = PBXBuildFile; fileRef = AB3B2AC00EE4033300944CD1 /* mdsprite_priv.h */; };
		AB3B2AC40EE4033300944CD1 /* polymost_priv.h in Headers */ = {isa = PBXBuildFile; fileRef = AB3B2AC10EE4033300944CD1 /* polymost_priv.h */; };
		AB3B2AE10EE403E000944CD1 /* mdsprite.c in Sources */ = {isa = PBXBuildFile; fileRef = AB3B2A6B0EE4007B00944CD1 /* mdsprite.c */; };
		AB3B2C810EE41B9000944CD1 /* smalltextfont.c in Sources */ = {isa = PBXBuildFile; fileRef = AB3B2C7F0EE41B9000944CD1 /* smalltextfont.c */; };
		AB3B2C820EE41B9000944CD1 /* textfont.c in Sources */ = {isa = PBXBuildFile; fileRef = AB3B2C800EE41B9000944CD1 /* textfont.c */; };
		AB3FE4500C04336F00D5DBDC /* EditorStartupWinController.m in Sources */ = {isa = PBXBuildFile; fileRef = AB3E07290A33035B00FF2442 /* EditorStartupWinController.m */; };
		AB48BD6D208C0AEA00E38090 /* version-auto.c in Sources */ = {isa = PBXBuildFile; fileRef = AB48BD6C208C0AEA00E38090 /* version-auto.c */; };
		AB4F6B7023118E6C00713ACC /* polymost_vs.glsl in Sources */ = {isa = PBXBuildFile; fileRef = ABE362562144F78100BA44B3 /* polymost_vs.glsl */; };
		AB4F6B7123118E7000713ACC /* polymost_fs.glsl in Sources */ = {isa = PBXBuildFile; fileRef = ABE3624D2144CC9000BA44B3 /* polymost_fs.glsl */; };
		AB4F6B7223118E7B00713ACC /* polymostaux_vs.glsl in Sources */ = {isa = PBXBuildFile; fileRef = ABE362572146955700BA44B3 /* polymostaux_vs.glsl */; };
		AB4F6B7323118E7F00713ACC /* polymostaux_fs.glsl in Sources */ = {isa = PBXBuildFile; fileRef = ABE3624E2144CC9000BA44B3 /* polymostaux_fs.glsl */; };
		AB63426D2430617A002CDE1A /* osxbits.m in Sources */ = {isa = PBXBuildFile; fileRef = AB735F5C0A29A39C003261DC /* osxbits.m */; };
		AB6725F90F0F8114000C7D92 /* polymosttexcache.c in Sources */ = {isa = PBXBuildFile; fileRef = AB6725F80F0F8114000C7D92 /* polymosttexcache.c */; };
		AB6727E40F1093DC000C7D92 /* polymosttexcompress.cc in Sources */ = {isa = PBXBuildFile; fileRef = AB6727E30F1093DC000C7D92 /* polymosttexcompress.cc */; };
		AB6728580F1096AF000C7D92 /* alpha.cpp in Sources */ = {isa = PBXBuildFile; fileRef = AB6728400F1096AF000C7D92 /* alpha.cpp */; };
		AB67285A0F1096AF000C7D92 /* clusterfit.cpp in Sources */ = {isa = PBXBuildFile; fileRef = AB6728420F1096AF000C7D92 /* clusterfit.cpp */; };
		AB67285C0F1096AF000C7D92 /* colourblock.cpp in Sources */ = {isa = PBXBuildFile; fileRef = AB6728440F1096AF000C7D92 /* colourblock.cpp */; };
		AB67285E0F1096AF000C7D92 /* colourfit.cpp in Sources */ = {isa = PBXBuildFile; fileRef = AB6728460F1096AF000C7D92 /* colourfit.cpp */; };
		AB6728600F1096AF000C7D92 /* colourset.cpp in Sources */ = {isa = PBXBuildFile; fileRef = AB6728480F1096AF000C7D92 /* colourset.cpp */; };
		AB6728630F1096AF000C7D92 /* maths.cpp in Sources */ = {isa = PBXBuildFile; fileRef = AB67284B0F1096AF000C7D92 /* maths.cpp */; };
		AB6728650F1096AF000C7D92 /* rangefit.cpp in Sources */ = {isa = PBXBuildFile; fileRef = AB67284D0F1096AF000C7D92 /* rangefit.cpp */; };
		AB67286B0F1096AF000C7D92 /* singlecolourfit.cpp in Sources */ = {isa = PBXBuildFile; fileRef = AB6728530F1096AF000C7D92 /* singlecolourfit.cpp */; };
		AB67286D0F1096AF000C7D92 /* squish.cpp in Sources */ = {isa = PBXBuildFile; fileRef = AB6728560F1096AF000C7D92 /* squish.cpp */; };
		AB7029850AEB2D69004FCD2A /* AppKit.framework in Frameworks */ = {isa = PBXBuildFile; fileRef = AB7029840AEB2D69004FCD2A /* AppKit.framework */; };
		AB726D4C0F046C3B00730EAA /* polymosttex.c in Sources */ = {isa = PBXBuildFile; fileRef = AB726D4A0F046C3B00730EAA /* polymosttex.c */; };
		AB726D4D0F046C3B00730EAA /* polymosttex_priv.h in Headers */ = {isa = PBXBuildFile; fileRef = AB726D4B0F046C3B00730EAA /* polymosttex_priv.h */; };
		AB735F600A29A39C003261DC /* a-c.c in Sources */ = {isa = PBXBuildFile; fileRef = AB735F4E0A29A39C003261DC /* a-c.c */; };
		AB735F610A29A39D003261DC /* baselayer.c in Sources */ = {isa = PBXBuildFile; fileRef = AB735F4F0A29A39C003261DC /* baselayer.c */; };
		AB735F620A29A39D003261DC /* cache1d.c in Sources */ = {isa = PBXBuildFile; fileRef = AB735F500A29A39C003261DC /* cache1d.c */; };
		AB735F630A29A39D003261DC /* compat.c in Sources */ = {isa = PBXBuildFile; fileRef = AB735F510A29A39C003261DC /* compat.c */; };
		AB735F640A29A39D003261DC /* crc32.c in Sources */ = {isa = PBXBuildFile; fileRef = AB735F520A29A39C003261DC /* crc32.c */; };
		AB735F650A29A39D003261DC /* defs.c in Sources */ = {isa = PBXBuildFile; fileRef = AB735F530A29A39C003261DC /* defs.c */; };
		AB735F660A29A39D003261DC /* engine.c in Sources */ = {isa = PBXBuildFile; fileRef = AB735F540A29A39C003261DC /* engine.c */; };
		AB735F670A29A39D003261DC /* glbuild.c in Sources */ = {isa = PBXBuildFile; fileRef = AB735F550A29A39C003261DC /* glbuild.c */; };
		AB735F680A29A39D003261DC /* kplib.c in Sources */ = {isa = PBXBuildFile; fileRef = AB735F560A29A39C003261DC /* kplib.c */; };
		AB735F6C0A29A39D003261DC /* mmulti.c in Sources */ = {isa = PBXBuildFile; fileRef = AB735F5A0A29A39C003261DC /* mmulti.c */; };
		AB735F6D0A29A39D003261DC /* osd.c in Sources */ = {isa = PBXBuildFile; fileRef = AB735F5B0A29A39C003261DC /* osd.c */; };
		AB735F6E0A29A39D003261DC /* osxbits.m in Sources */ = {isa = PBXBuildFile; fileRef = AB735F5C0A29A39C003261DC /* osxbits.m */; };
		AB735F6F0A29A39D003261DC /* pragmas.c in Sources */ = {isa = PBXBuildFile; fileRef = AB735F5D0A29A39C003261DC /* pragmas.c */; };
		AB735F700A29A39D003261DC /* scriptfile.c in Sources */ = {isa = PBXBuildFile; fileRef = AB735F5E0A29A39C003261DC /* scriptfile.c */; };
		AB735F710A29A39D003261DC /* sdlayer2.c in Sources */ = {isa = PBXBuildFile; fileRef = AB735F5F0A29A39C003261DC /* sdlayer2.c */; };
		AB735F890A29A44C003261DC /* baselayer.h in Headers */ = {isa = PBXBuildFile; fileRef = AB735F780A29A44C003261DC /* baselayer.h */; };
		AB735F8A0A29A44C003261DC /* build.h in Headers */ = {isa = PBXBuildFile; fileRef = AB735F790A29A44C003261DC /* build.h */; };
		AB735F8B0A29A44C003261DC /* cache1d.h in Headers */ = {isa = PBXBuildFile; fileRef = AB735F7A0A29A44C003261DC /* cache1d.h */; };
		AB735F8C0A29A44C003261DC /* compat.h in Headers */ = {isa = PBXBuildFile; fileRef = AB735F7B0A29A44C003261DC /* compat.h */; };
		AB735F8D0A29A44C003261DC /* crc32.h in Headers */ = {isa = PBXBuildFile; fileRef = AB735F7C0A29A44C003261DC /* crc32.h */; };
		AB735F8E0A29A44C003261DC /* glbuild.h in Headers */ = {isa = PBXBuildFile; fileRef = AB735F7D0A29A44C003261DC /* glbuild.h */; };
		AB735F920A29A44C003261DC /* mmulti.h in Headers */ = {isa = PBXBuildFile; fileRef = AB735F810A29A44C003261DC /* mmulti.h */; };
		AB735F940A29A44C003261DC /* osd.h in Headers */ = {isa = PBXBuildFile; fileRef = AB735F830A29A44C003261DC /* osd.h */; };
		AB735F960A29A44C003261DC /* pragmas.h in Headers */ = {isa = PBXBuildFile; fileRef = AB735F850A29A44C003261DC /* pragmas.h */; };
		AB735F970A29A44C003261DC /* scriptfile.h in Headers */ = {isa = PBXBuildFile; fileRef = AB735F860A29A44C003261DC /* scriptfile.h */; };
		AB735F980A29A44C003261DC /* sdlayer.h in Headers */ = {isa = PBXBuildFile; fileRef = AB735F870A29A44C003261DC /* sdlayer.h */; };
		AB735FC70A29A8FD003261DC /* editor.h in Headers */ = {isa = PBXBuildFile; fileRef = AB735FC60A29A8FD003261DC /* editor.h */; };
		AB735FD00A29A994003261DC /* editor.h in Headers */ = {isa = PBXBuildFile; fileRef = AB735FC60A29A8FD003261DC /* editor.h */; };
		AB735FD10A29A99A003261DC /* build.c in Sources */ = {isa = PBXBuildFile; fileRef = AB735FC20A29A8E5003261DC /* build.c */; };
		AB735FD20A29A99A003261DC /* config.c in Sources */ = {isa = PBXBuildFile; fileRef = AB735FC30A29A8E5003261DC /* config.c */; };
		AB73C4EA207A50B200121BF7 /* osxbits.m in Sources */ = {isa = PBXBuildFile; fileRef = AB735F5C0A29A39C003261DC /* osxbits.m */; };
		ABA9E3070FEF9D170024231F /* a.h in Headers */ = {isa = PBXBuildFile; fileRef = ABA9E3020FEF9D170024231F /* a.h */; };
		ABA9E3080FEF9D170024231F /* kplib.h in Headers */ = {isa = PBXBuildFile; fileRef = ABA9E3030FEF9D170024231F /* kplib.h */; };
		ABA9E3090FEF9D170024231F /* osxbits.h in Headers */ = {isa = PBXBuildFile; fileRef = ABA9E3040FEF9D170024231F /* osxbits.h */; };
		ABA9E30B0FEF9D170024231F /* polymosttexcache.h in Headers */ = {isa = PBXBuildFile; fileRef = ABA9E3060FEF9D170024231F /* polymosttexcache.h */; };
		ABAE9ADF0F0B311E00A528DC /* arttool.cc in Sources */ = {isa = PBXBuildFile; fileRef = ABAE9ADE0F0B311E00A528DC /* arttool.cc */; };
		ABAE9C410F0CC83D00A528DC /* kextract.c in Sources */ = {isa = PBXBuildFile; fileRef = ABAE9ADB0F0B310900A528DC /* kextract.c */; };
		ABAE9C420F0CC84100A528DC /* kgroup.c in Sources */ = {isa = PBXBuildFile; fileRef = ABAE9ADC0F0B310900A528DC /* kgroup.c */; };
		ABAE9C440F0CC85E00A528DC /* compat.c in Sources */ = {isa = PBXBuildFile; fileRef = AB735F510A29A39C003261DC /* compat.c */; };
		ABAE9C460F0CC86E00A528DC /* AppKit.framework in Frameworks */ = {isa = PBXBuildFile; fileRef = AB7029840AEB2D69004FCD2A /* AppKit.framework */; };
		ABAE9C4B0F0CCCC700A528DC /* compat.c in Sources */ = {isa = PBXBuildFile; fileRef = AB735F510A29A39C003261DC /* compat.c */; };
		ABAE9C4D0F0CCCCF00A528DC /* AppKit.framework in Frameworks */ = {isa = PBXBuildFile; fileRef = AB7029840AEB2D69004FCD2A /* AppKit.framework */; };
		ABBB1E8D21C7926D00DD438B /* rg_etc1.cpp in Sources */ = {isa = PBXBuildFile; fileRef = ABBB1E8C21C7926D00DD438B /* rg_etc1.cpp */; };
		ABD03E2A1A518A4A0012B9D1 /* transpal.c in Sources */ = {isa = PBXBuildFile; fileRef = ABAE9ADD0F0B310900A528DC /* transpal.c */; };
		ABE3624B2144CA9000BA44B3 /* bin2c.cc in Sources */ = {isa = PBXBuildFile; fileRef = ABE3624A2144CA9000BA44B3 /* bin2c.cc */; };
		ABF1DD191BB7D0F5007DE427 /* asmprot.c in Sources */ = {isa = PBXBuildFile; fileRef = ABF1DD181BB7D0F5007DE427 /* asmprot.c */; };
		ABFABB3E25455F0E0005398A /* glbuild_fs.glsl in Sources */ = {isa = PBXBuildFile; fileRef = ABFABB3425455EF80005398A /* glbuild_fs.glsl */; };
		ABFABB3F25455F0E0005398A /* glbuild_vs.glsl in Sources */ = {isa = PBXBuildFile; fileRef = ABFABB3325455EF80005398A /* glbuild_vs.glsl */; };
/* End PBXBuildFile section */

/* Begin PBXBuildRule section */
		AB4F6B6E23118B7600713ACC /* PBXBuildRule */ = {
			isa = PBXBuildRule;
			compilerSpec = com.apple.compilers.proxy.script;
			filePatterns = "*.glsl";
			fileType = pattern.proxy;
			inputFiles = (
			);
			isEditable = 1;
			outputFiles = (
				"$(DERIVED_FILE_DIR)/$(INPUT_FILE_BASE).c",
			);
			runOncePerArchitecture = 0;
			script = "sym=default_${INPUT_FILE_BASE}_glsl\nperl \"$SRCROOT/../tools/text2c.pl\" \"$INPUT_FILE_PATH\" $sym > \"$DERIVED_FILE_DIR/${INPUT_FILE_BASE}.c\"\n\n";
		};
/* End PBXBuildRule section */

/* Begin PBXContainerItemProxy section */
		AB3FE4660C0433A600D5DBDC /* PBXContainerItemProxy */ = {
			isa = PBXContainerItemProxy;
			containerPortal = AB735F3A0A29A24A003261DC /* Project object */;
			proxyType = 1;
			remoteGlobalIDString = AB3FE44A0C04336F00D5DBDC;
			remoteInfo = editorsupp;
		};
		AB77B4D5171AC3F700982712 /* PBXContainerItemProxy */ = {
			isa = PBXContainerItemProxy;
			containerPortal = AB735F3A0A29A24A003261DC /* Project object */;
			proxyType = 1;
			remoteGlobalIDString = ABAE9AD10F0B307500A528DC;
			remoteInfo = arttool;
		};
		AB77B4D7171AC3F700982712 /* PBXContainerItemProxy */ = {
			isa = PBXContainerItemProxy;
			containerPortal = AB735F3A0A29A24A003261DC /* Project object */;
			proxyType = 1;
			remoteGlobalIDString = ABAE9C270F0CC80200A528DC;
			remoteInfo = kextract;
		};
		AB77B4D9171AC3F700982712 /* PBXContainerItemProxy */ = {
			isa = PBXContainerItemProxy;
			containerPortal = AB735F3A0A29A24A003261DC /* Project object */;
			proxyType = 1;
			remoteGlobalIDString = ABAE9C320F0CC81900A528DC;
			remoteInfo = kgroup;
		};
		ABD03E281A518A1F0012B9D1 /* PBXContainerItemProxy */ = {
			isa = PBXContainerItemProxy;
			containerPortal = AB735F3A0A29A24A003261DC /* Project object */;
			proxyType = 1;
			remoteGlobalIDString = ABD03E201A5189E00012B9D1;
			remoteInfo = transpal;
		};
/* End PBXContainerItemProxy section */

/* Begin PBXCopyFilesBuildPhase section */
		ABD03E1F1A5189E00012B9D1 /* CopyFiles */ = {
			isa = PBXCopyFilesBuildPhase;
			buildActionMask = 2147483647;
			dstPath = /usr/share/man/man1/;
			dstSubfolderSpec = 0;
			files = (
			);
			runOnlyForDeploymentPostprocessing = 1;
		};
/* End PBXCopyFilesBuildPhase section */

/* Begin PBXFileReference section */
		AB1751260CEF5AF8003AF128 /* SDL2.framework */ = {isa = PBXFileReference; lastKnownFileType = wrapper.framework; name = SDL2.framework; path = /Users/jonof/Library/Frameworks/SDL2.framework; sourceTree = "<absolute>"; };
		AB3B2A0D0EE3FC0400944CD1 /* hightile.c */ = {isa = PBXFileReference; fileEncoding = 4; lastKnownFileType = sourcecode.c.c; path = hightile.c; sourceTree = "<group>"; };
		AB3B2A1C0EE3FCF900944CD1 /* polymost.c */ = {isa = PBXFileReference; fileEncoding = 4; lastKnownFileType = sourcecode.c.c; path = polymost.c; sourceTree = "<group>"; };
		AB3B2A6B0EE4007B00944CD1 /* mdsprite.c */ = {isa = PBXFileReference; fileEncoding = 4; lastKnownFileType = sourcecode.c.c; path = mdsprite.c; sourceTree = "<group>"; };
		AB3B2AB50EE402B600944CD1 /* engine_priv.h */ = {isa = PBXFileReference; fileEncoding = 4; lastKnownFileType = sourcecode.c.h; path = engine_priv.h; sourceTree = "<group>"; };
		AB3B2ABF0EE4033300944CD1 /* hightile_priv.h */ = {isa = PBXFileReference; fileEncoding = 4; lastKnownFileType = sourcecode.c.h; path = hightile_priv.h; sourceTree = "<group>"; };
		AB3B2AC00EE4033300944CD1 /* mdsprite_priv.h */ = {isa = PBXFileReference; fileEncoding = 4; lastKnownFileType = sourcecode.c.h; path = mdsprite_priv.h; sourceTree = "<group>"; };
		AB3B2AC10EE4033300944CD1 /* polymost_priv.h */ = {isa = PBXFileReference; fileEncoding = 4; lastKnownFileType = sourcecode.c.h; path = polymost_priv.h; sourceTree = "<group>"; };
		AB3B2C7F0EE41B9000944CD1 /* smalltextfont.c */ = {isa = PBXFileReference; fileEncoding = 4; lastKnownFileType = sourcecode.c.c; path = smalltextfont.c; sourceTree = "<group>"; };
		AB3B2C800EE41B9000944CD1 /* textfont.c */ = {isa = PBXFileReference; fileEncoding = 4; lastKnownFileType = sourcecode.c.c; path = textfont.c; sourceTree = "<group>"; };
		AB3E07290A33035B00FF2442 /* EditorStartupWinController.m */ = {isa = PBXFileReference; fileEncoding = 4; lastKnownFileType = sourcecode.c.objc; path = EditorStartupWinController.m; sourceTree = "<group>"; };
		AB3FE4550C04336F00D5DBDC /* libeditorsupp.a */ = {isa = PBXFileReference; explicitFileType = archive.ar; includeInIndex = 0; path = libeditorsupp.a; sourceTree = BUILT_PRODUCTS_DIR; };
		AB48BD6C208C0AEA00E38090 /* version-auto.c */ = {isa = PBXFileReference; fileEncoding = 4; lastKnownFileType = sourcecode.c.c; path = "version-auto.c"; sourceTree = "<group>"; };
		AB6725F80F0F8114000C7D92 /* polymosttexcache.c */ = {isa = PBXFileReference; fileEncoding = 4; lastKnownFileType = sourcecode.c.c; path = polymosttexcache.c; sourceTree = "<group>"; };
		AB6727E30F1093DC000C7D92 /* polymosttexcompress.cc */ = {isa = PBXFileReference; fileEncoding = 4; lastKnownFileType = sourcecode.cpp.cpp; path = polymosttexcompress.cc; sourceTree = "<group>"; };
		AB6728400F1096AF000C7D92 /* alpha.cpp */ = {isa = PBXFileReference; fileEncoding = 4; lastKnownFileType = sourcecode.cpp.cpp; path = alpha.cpp; sourceTree = "<group>"; };
		AB6728410F1096AF000C7D92 /* alpha.h */ = {isa = PBXFileReference; fileEncoding = 4; lastKnownFileType = sourcecode.c.h; path = alpha.h; sourceTree = "<group>"; };
		AB6728420F1096AF000C7D92 /* clusterfit.cpp */ = {isa = PBXFileReference; fileEncoding = 4; lastKnownFileType = sourcecode.cpp.cpp; path = clusterfit.cpp; sourceTree = "<group>"; };
		AB6728430F1096AF000C7D92 /* clusterfit.h */ = {isa = PBXFileReference; fileEncoding = 4; lastKnownFileType = sourcecode.c.h; path = clusterfit.h; sourceTree = "<group>"; };
		AB6728440F1096AF000C7D92 /* colourblock.cpp */ = {isa = PBXFileReference; fileEncoding = 4; lastKnownFileType = sourcecode.cpp.cpp; path = colourblock.cpp; sourceTree = "<group>"; };
		AB6728450F1096AF000C7D92 /* colourblock.h */ = {isa = PBXFileReference; fileEncoding = 4; lastKnownFileType = sourcecode.c.h; path = colourblock.h; sourceTree = "<group>"; };
		AB6728460F1096AF000C7D92 /* colourfit.cpp */ = {isa = PBXFileReference; fileEncoding = 4; lastKnownFileType = sourcecode.cpp.cpp; path = colourfit.cpp; sourceTree = "<group>"; };
		AB6728470F1096AF000C7D92 /* colourfit.h */ = {isa = PBXFileReference; fileEncoding = 4; lastKnownFileType = sourcecode.c.h; path = colourfit.h; sourceTree = "<group>"; };
		AB6728480F1096AF000C7D92 /* colourset.cpp */ = {isa = PBXFileReference; fileEncoding = 4; lastKnownFileType = sourcecode.cpp.cpp; path = colourset.cpp; sourceTree = "<group>"; };
		AB6728490F1096AF000C7D92 /* colourset.h */ = {isa = PBXFileReference; fileEncoding = 4; lastKnownFileType = sourcecode.c.h; path = colourset.h; sourceTree = "<group>"; };
		AB67284A0F1096AF000C7D92 /* config.h */ = {isa = PBXFileReference; fileEncoding = 4; lastKnownFileType = sourcecode.c.h; path = config.h; sourceTree = "<group>"; };
		AB67284B0F1096AF000C7D92 /* maths.cpp */ = {isa = PBXFileReference; fileEncoding = 4; lastKnownFileType = sourcecode.cpp.cpp; path = maths.cpp; sourceTree = "<group>"; };
		AB67284C0F1096AF000C7D92 /* maths.h */ = {isa = PBXFileReference; fileEncoding = 4; lastKnownFileType = sourcecode.c.h; path = maths.h; sourceTree = "<group>"; };
		AB67284D0F1096AF000C7D92 /* rangefit.cpp */ = {isa = PBXFileReference; fileEncoding = 4; lastKnownFileType = sourcecode.cpp.cpp; path = rangefit.cpp; sourceTree = "<group>"; };
		AB67284E0F1096AF000C7D92 /* rangefit.h */ = {isa = PBXFileReference; fileEncoding = 4; lastKnownFileType = sourcecode.c.h; path = rangefit.h; sourceTree = "<group>"; };
		AB67284F0F1096AF000C7D92 /* simd_float.h */ = {isa = PBXFileReference; fileEncoding = 4; lastKnownFileType = sourcecode.c.h; path = simd_float.h; sourceTree = "<group>"; };
		AB6728500F1096AF000C7D92 /* simd_sse.h */ = {isa = PBXFileReference; fileEncoding = 4; lastKnownFileType = sourcecode.c.h; path = simd_sse.h; sourceTree = "<group>"; };
		AB6728510F1096AF000C7D92 /* simd_ve.h */ = {isa = PBXFileReference; fileEncoding = 4; lastKnownFileType = sourcecode.c.h; path = simd_ve.h; sourceTree = "<group>"; };
		AB6728520F1096AF000C7D92 /* simd.h */ = {isa = PBXFileReference; fileEncoding = 4; lastKnownFileType = sourcecode.c.h; path = simd.h; sourceTree = "<group>"; };
		AB6728530F1096AF000C7D92 /* singlecolourfit.cpp */ = {isa = PBXFileReference; fileEncoding = 4; lastKnownFileType = sourcecode.cpp.cpp; path = singlecolourfit.cpp; sourceTree = "<group>"; };
		AB6728540F1096AF000C7D92 /* singlecolourfit.h */ = {isa = PBXFileReference; fileEncoding = 4; lastKnownFileType = sourcecode.c.h; path = singlecolourfit.h; sourceTree = "<group>"; };
		AB6728550F1096AF000C7D92 /* singlecolourlookup.inl */ = {isa = PBXFileReference; fileEncoding = 4; lastKnownFileType = text; path = singlecolourlookup.inl; sourceTree = "<group>"; };
		AB6728560F1096AF000C7D92 /* squish.cpp */ = {isa = PBXFileReference; fileEncoding = 4; lastKnownFileType = sourcecode.cpp.cpp; path = squish.cpp; sourceTree = "<group>"; };
		AB6728570F1096AF000C7D92 /* squish.h */ = {isa = PBXFileReference; fileEncoding = 4; lastKnownFileType = sourcecode.c.h; path = squish.h; sourceTree = "<group>"; };
		AB7029840AEB2D69004FCD2A /* AppKit.framework */ = {isa = PBXFileReference; lastKnownFileType = wrapper.framework; name = AppKit.framework; path = /System/Library/Frameworks/AppKit.framework; sourceTree = "<absolute>"; };
		AB726D4A0F046C3B00730EAA /* polymosttex.c */ = {isa = PBXFileReference; fileEncoding = 4; lastKnownFileType = sourcecode.c.c; path = polymosttex.c; sourceTree = "<group>"; };
		AB726D4B0F046C3B00730EAA /* polymosttex_priv.h */ = {isa = PBXFileReference; fileEncoding = 4; lastKnownFileType = sourcecode.c.h; path = polymosttex_priv.h; sourceTree = "<group>"; };
		AB735F490A29A2DC003261DC /* libengine.a */ = {isa = PBXFileReference; explicitFileType = archive.ar; includeInIndex = 0; path = libengine.a; sourceTree = BUILT_PRODUCTS_DIR; };
		AB735F4E0A29A39C003261DC /* a-c.c */ = {isa = PBXFileReference; fileEncoding = 4; lastKnownFileType = sourcecode.c.c; path = "a-c.c"; sourceTree = "<group>"; };
		AB735F4F0A29A39C003261DC /* baselayer.c */ = {isa = PBXFileReference; fileEncoding = 4; lastKnownFileType = sourcecode.c.c; path = baselayer.c; sourceTree = "<group>"; };
		AB735F500A29A39C003261DC /* cache1d.c */ = {isa = PBXFileReference; fileEncoding = 4; lastKnownFileType = sourcecode.c.c; path = cache1d.c; sourceTree = "<group>"; };
		AB735F510A29A39C003261DC /* compat.c */ = {isa = PBXFileReference; fileEncoding = 4; lastKnownFileType = sourcecode.c.c; path = compat.c; sourceTree = "<group>"; };
		AB735F520A29A39C003261DC /* crc32.c */ = {isa = PBXFileReference; fileEncoding = 4; lastKnownFileType = sourcecode.c.c; path = crc32.c; sourceTree = "<group>"; };
		AB735F530A29A39C003261DC /* defs.c */ = {isa = PBXFileReference; fileEncoding = 4; lastKnownFileType = sourcecode.c.c; path = defs.c; sourceTree = "<group>"; };
		AB735F540A29A39C003261DC /* engine.c */ = {isa = PBXFileReference; fileEncoding = 4; lastKnownFileType = sourcecode.c.c; path = engine.c; sourceTree = "<group>"; };
		AB735F550A29A39C003261DC /* glbuild.c */ = {isa = PBXFileReference; fileEncoding = 4; lastKnownFileType = sourcecode.c.c; path = glbuild.c; sourceTree = "<group>"; };
		AB735F560A29A39C003261DC /* kplib.c */ = {isa = PBXFileReference; fileEncoding = 4; lastKnownFileType = sourcecode.c.c; path = kplib.c; sourceTree = "<group>"; };
		AB735F5A0A29A39C003261DC /* mmulti.c */ = {isa = PBXFileReference; fileEncoding = 4; lastKnownFileType = sourcecode.c.c; path = mmulti.c; sourceTree = "<group>"; };
		AB735F5B0A29A39C003261DC /* osd.c */ = {isa = PBXFileReference; fileEncoding = 4; lastKnownFileType = sourcecode.c.c; path = osd.c; sourceTree = "<group>"; };
		AB735F5C0A29A39C003261DC /* osxbits.m */ = {isa = PBXFileReference; fileEncoding = 4; lastKnownFileType = sourcecode.c.objc; path = osxbits.m; sourceTree = "<group>"; };
		AB735F5D0A29A39C003261DC /* pragmas.c */ = {isa = PBXFileReference; fileEncoding = 4; lastKnownFileType = sourcecode.c.c; path = pragmas.c; sourceTree = "<group>"; };
		AB735F5E0A29A39C003261DC /* scriptfile.c */ = {isa = PBXFileReference; fileEncoding = 4; lastKnownFileType = sourcecode.c.c; path = scriptfile.c; sourceTree = "<group>"; };
		AB735F5F0A29A39C003261DC /* sdlayer2.c */ = {isa = PBXFileReference; fileEncoding = 4; lastKnownFileType = sourcecode.c.c; path = sdlayer2.c; sourceTree = "<group>"; };
		AB735F780A29A44C003261DC /* baselayer.h */ = {isa = PBXFileReference; fileEncoding = 4; lastKnownFileType = sourcecode.c.h; path = baselayer.h; sourceTree = "<group>"; };
		AB735F790A29A44C003261DC /* build.h */ = {isa = PBXFileReference; fileEncoding = 4; lastKnownFileType = sourcecode.c.h; path = build.h; sourceTree = "<group>"; };
		AB735F7A0A29A44C003261DC /* cache1d.h */ = {isa = PBXFileReference; fileEncoding = 4; lastKnownFileType = sourcecode.c.h; path = cache1d.h; sourceTree = "<group>"; };
		AB735F7B0A29A44C003261DC /* compat.h */ = {isa = PBXFileReference; fileEncoding = 4; lastKnownFileType = sourcecode.c.h; path = compat.h; sourceTree = "<group>"; };
		AB735F7C0A29A44C003261DC /* crc32.h */ = {isa = PBXFileReference; fileEncoding = 4; lastKnownFileType = sourcecode.c.h; path = crc32.h; sourceTree = "<group>"; };
		AB735F7D0A29A44C003261DC /* glbuild.h */ = {isa = PBXFileReference; fileEncoding = 4; lastKnownFileType = sourcecode.c.h; path = glbuild.h; sourceTree = "<group>"; };
		AB735F810A29A44C003261DC /* mmulti.h */ = {isa = PBXFileReference; fileEncoding = 4; lastKnownFileType = sourcecode.c.h; path = mmulti.h; sourceTree = "<group>"; };
		AB735F830A29A44C003261DC /* osd.h */ = {isa = PBXFileReference; fileEncoding = 4; lastKnownFileType = sourcecode.c.h; path = osd.h; sourceTree = "<group>"; };
		AB735F850A29A44C003261DC /* pragmas.h */ = {isa = PBXFileReference; fileEncoding = 4; lastKnownFileType = sourcecode.c.h; path = pragmas.h; sourceTree = "<group>"; };
		AB735F860A29A44C003261DC /* scriptfile.h */ = {isa = PBXFileReference; fileEncoding = 4; lastKnownFileType = sourcecode.c.h; path = scriptfile.h; sourceTree = "<group>"; };
		AB735F870A29A44C003261DC /* sdlayer.h */ = {isa = PBXFileReference; fileEncoding = 4; lastKnownFileType = sourcecode.c.h; path = sdlayer.h; sourceTree = "<group>"; };
		AB735FC20A29A8E5003261DC /* build.c */ = {isa = PBXFileReference; fileEncoding = 4; lastKnownFileType = sourcecode.c.c; path = build.c; sourceTree = "<group>"; };
		AB735FC30A29A8E5003261DC /* config.c */ = {isa = PBXFileReference; fileEncoding = 4; lastKnownFileType = sourcecode.c.c; path = config.c; sourceTree = "<group>"; };
		AB735FC60A29A8FD003261DC /* editor.h */ = {isa = PBXFileReference; fileEncoding = 4; lastKnownFileType = sourcecode.c.h; path = editor.h; sourceTree = "<group>"; };
		AB735FCC0A29A916003261DC /* libeditor.a */ = {isa = PBXFileReference; explicitFileType = archive.ar; includeInIndex = 0; path = libeditor.a; sourceTree = BUILT_PRODUCTS_DIR; };
		ABA9E3020FEF9D170024231F /* a.h */ = {isa = PBXFileReference; fileEncoding = 4; lastKnownFileType = sourcecode.c.h; path = a.h; sourceTree = "<group>"; };
		ABA9E3030FEF9D170024231F /* kplib.h */ = {isa = PBXFileReference; fileEncoding = 4; lastKnownFileType = sourcecode.c.h; path = kplib.h; sourceTree = "<group>"; };
		ABA9E3040FEF9D170024231F /* osxbits.h */ = {isa = PBXFileReference; fileEncoding = 4; lastKnownFileType = sourcecode.c.h; path = osxbits.h; sourceTree = "<group>"; };
		ABA9E3060FEF9D170024231F /* polymosttexcache.h */ = {isa = PBXFileReference; fileEncoding = 4; lastKnownFileType = sourcecode.c.h; path = polymosttexcache.h; sourceTree = "<group>"; };
		ABAE9AD20F0B307500A528DC /* arttool */ = {isa = PBXFileReference; explicitFileType = "compiled.mach-o.executable"; includeInIndex = 0; path = arttool; sourceTree = BUILT_PRODUCTS_DIR; };
		ABAE9ADB0F0B310900A528DC /* kextract.c */ = {isa = PBXFileReference; fileEncoding = 4; lastKnownFileType = sourcecode.c.c; path = kextract.c; sourceTree = "<group>"; };
		ABAE9ADC0F0B310900A528DC /* kgroup.c */ = {isa = PBXFileReference; fileEncoding = 4; lastKnownFileType = sourcecode.c.c; path = kgroup.c; sourceTree = "<group>"; };
		ABAE9ADD0F0B310900A528DC /* transpal.c */ = {isa = PBXFileReference; fileEncoding = 4; lastKnownFileType = sourcecode.c.c; path = transpal.c; sourceTree = "<group>"; };
		ABAE9ADE0F0B311E00A528DC /* arttool.cc */ = {isa = PBXFileReference; fileEncoding = 4; lastKnownFileType = sourcecode.cpp.cpp; path = arttool.cc; sourceTree = "<group>"; };
		ABAE9C2E0F0CC80200A528DC /* kextract */ = {isa = PBXFileReference; explicitFileType = "compiled.mach-o.executable"; includeInIndex = 0; path = kextract; sourceTree = BUILT_PRODUCTS_DIR; };
		ABAE9C390F0CC81900A528DC /* kgroup */ = {isa = PBXFileReference; explicitFileType = "compiled.mach-o.executable"; includeInIndex = 0; path = kgroup; sourceTree = BUILT_PRODUCTS_DIR; };
		ABBB1E8C21C7926D00DD438B /* rg_etc1.cpp */ = {isa = PBXFileReference; fileEncoding = 4; lastKnownFileType = sourcecode.cpp.cpp; path = rg_etc1.cpp; sourceTree = "<group>"; };
		ABD03E211A5189E00012B9D1 /* transpal */ = {isa = PBXFileReference; explicitFileType = "compiled.mach-o.executable"; includeInIndex = 0; path = transpal; sourceTree = BUILT_PRODUCTS_DIR; };
		ABE362492144CA6500BA44B3 /* bin2c */ = {isa = PBXFileReference; explicitFileType = "compiled.mach-o.executable"; includeInIndex = 0; path = bin2c; sourceTree = BUILT_PRODUCTS_DIR; };
		ABE3624A2144CA9000BA44B3 /* bin2c.cc */ = {isa = PBXFileReference; fileEncoding = 4; lastKnownFileType = sourcecode.cpp.cpp; path = bin2c.cc; sourceTree = "<group>"; };
		ABE3624D2144CC9000BA44B3 /* polymost_fs.glsl */ = {isa = PBXFileReference; fileEncoding = 4; lastKnownFileType = text; path = polymost_fs.glsl; sourceTree = "<group>"; };
		ABE3624E2144CC9000BA44B3 /* polymostaux_fs.glsl */ = {isa = PBXFileReference; fileEncoding = 4; lastKnownFileType = text; path = polymostaux_fs.glsl; sourceTree = "<group>"; };
		ABE362562144F78100BA44B3 /* polymost_vs.glsl */ = {isa = PBXFileReference; fileEncoding = 4; lastKnownFileType = text; path = polymost_vs.glsl; sourceTree = "<group>"; };
		ABE362572146955700BA44B3 /* polymostaux_vs.glsl */ = {isa = PBXFileReference; fileEncoding = 4; lastKnownFileType = text; path = polymostaux_vs.glsl; sourceTree = "<group>"; };
		ABF1DD181BB7D0F5007DE427 /* asmprot.c */ = {isa = PBXFileReference; fileEncoding = 4; lastKnownFileType = sourcecode.c.c; path = asmprot.c; sourceTree = "<group>"; };
		ABFABB3325455EF80005398A /* glbuild_vs.glsl */ = {isa = PBXFileReference; fileEncoding = 4; lastKnownFileType = text; path = glbuild_vs.glsl; sourceTree = "<group>"; };
		ABFABB3425455EF80005398A /* glbuild_fs.glsl */ = {isa = PBXFileReference; fileEncoding = 4; lastKnownFileType = text; path = glbuild_fs.glsl; sourceTree = "<group>"; };
/* End PBXFileReference section */

/* Begin PBXFrameworksBuildPhase section */
		AB3FE4510C04336F00D5DBDC /* Frameworks */ = {
			isa = PBXFrameworksBuildPhase;
			buildActionMask = 2147483647;
			files = (
			);
			runOnlyForDeploymentPostprocessing = 0;
		};
		AB735F470A29A2DC003261DC /* Frameworks */ = {
			isa = PBXFrameworksBuildPhase;
			buildActionMask = 2147483647;
			files = (
				AB7029850AEB2D69004FCD2A /* AppKit.framework in Frameworks */,
				AB1751270CEF5AF8003AF128 /* SDL2.framework in Frameworks */,
			);
			runOnlyForDeploymentPostprocessing = 0;
		};
		AB735FCA0A29A916003261DC /* Frameworks */ = {
			isa = PBXFrameworksBuildPhase;
			buildActionMask = 2147483647;
			files = (
			);
			runOnlyForDeploymentPostprocessing = 0;
		};
		ABAE9AD00F0B307500A528DC /* Frameworks */ = {
			isa = PBXFrameworksBuildPhase;
			buildActionMask = 2147483647;
			files = (
			);
			runOnlyForDeploymentPostprocessing = 0;
		};
		ABAE9C2A0F0CC80200A528DC /* Frameworks */ = {
			isa = PBXFrameworksBuildPhase;
			buildActionMask = 2147483647;
			files = (
				ABAE9C460F0CC86E00A528DC /* AppKit.framework in Frameworks */,
			);
			runOnlyForDeploymentPostprocessing = 0;
		};
		ABAE9C350F0CC81900A528DC /* Frameworks */ = {
			isa = PBXFrameworksBuildPhase;
			buildActionMask = 2147483647;
			files = (
				ABAE9C4D0F0CCCCF00A528DC /* AppKit.framework in Frameworks */,
			);
			runOnlyForDeploymentPostprocessing = 0;
		};
		ABD03E1E1A5189E00012B9D1 /* Frameworks */ = {
			isa = PBXFrameworksBuildPhase;
			buildActionMask = 2147483647;
			files = (
			);
			runOnlyForDeploymentPostprocessing = 0;
		};
		ABE362452144CA6500BA44B3 /* Frameworks */ = {
			isa = PBXFrameworksBuildPhase;
			buildActionMask = 2147483647;
			files = (
			);
			runOnlyForDeploymentPostprocessing = 0;
		};
/* End PBXFrameworksBuildPhase section */

/* Begin PBXGroup section */
		AB67283F0F109615000C7D92 /* libsquish */ = {
			isa = PBXGroup;
			children = (
				AB6728400F1096AF000C7D92 /* alpha.cpp */,
				AB6728410F1096AF000C7D92 /* alpha.h */,
				AB6728420F1096AF000C7D92 /* clusterfit.cpp */,
				AB6728430F1096AF000C7D92 /* clusterfit.h */,
				AB6728440F1096AF000C7D92 /* colourblock.cpp */,
				AB6728450F1096AF000C7D92 /* colourblock.h */,
				AB6728460F1096AF000C7D92 /* colourfit.cpp */,
				AB6728470F1096AF000C7D92 /* colourfit.h */,
				AB6728480F1096AF000C7D92 /* colourset.cpp */,
				AB6728490F1096AF000C7D92 /* colourset.h */,
				AB67284A0F1096AF000C7D92 /* config.h */,
				AB67284B0F1096AF000C7D92 /* maths.cpp */,
				AB67284C0F1096AF000C7D92 /* maths.h */,
				AB67284D0F1096AF000C7D92 /* rangefit.cpp */,
				AB67284E0F1096AF000C7D92 /* rangefit.h */,
				AB67284F0F1096AF000C7D92 /* simd_float.h */,
				AB6728500F1096AF000C7D92 /* simd_sse.h */,
				AB6728510F1096AF000C7D92 /* simd_ve.h */,
				AB6728520F1096AF000C7D92 /* simd.h */,
				AB6728530F1096AF000C7D92 /* singlecolourfit.cpp */,
				AB6728540F1096AF000C7D92 /* singlecolourfit.h */,
				AB6728550F1096AF000C7D92 /* singlecolourlookup.inl */,
				AB6728560F1096AF000C7D92 /* squish.cpp */,
				AB6728570F1096AF000C7D92 /* squish.h */,
			);
			name = libsquish;
			path = ../libsquish;
			sourceTree = "<group>";
		};
		AB7029790AEB2D0B004FCD2A /* Frameworks */ = {
			isa = PBXGroup;
			children = (
				AB1751260CEF5AF8003AF128 /* SDL2.framework */,
				AB7029840AEB2D69004FCD2A /* AppKit.framework */,
			);
			name = Frameworks;
			path = /System/Library/Frameworks;
			sourceTree = "<absolute>";
		};
		AB735F380A29A24A003261DC = {
			isa = PBXGroup;
			children = (
				AB735FBF0A29A89F003261DC /* Editor */,
				AB735F720A29A3A0003261DC /* Engine */,
				ABAE9ADA0F0B30D500A528DC /* Tools */,
				AB67283F0F109615000C7D92 /* libsquish */,
				AB735F4A0A29A2DC003261DC /* Products */,
				AB7029790AEB2D0B004FCD2A /* Frameworks */,
			);
			sourceTree = "<group>";
		};
		AB735F4A0A29A2DC003261DC /* Products */ = {
			isa = PBXGroup;
			children = (
				AB735F490A29A2DC003261DC /* libengine.a */,
				AB735FCC0A29A916003261DC /* libeditor.a */,
				AB3FE4550C04336F00D5DBDC /* libeditorsupp.a */,
				ABAE9AD20F0B307500A528DC /* arttool */,
				ABAE9C2E0F0CC80200A528DC /* kextract */,
				ABAE9C390F0CC81900A528DC /* kgroup */,
				ABD03E211A5189E00012B9D1 /* transpal */,
				ABE362492144CA6500BA44B3 /* bin2c */,
			);
			name = Products;
			sourceTree = "<group>";
		};
		AB735F720A29A3A0003261DC /* Engine */ = {
			isa = PBXGroup;
			children = (
				AB735F760A29A3F2003261DC /* include */,
				AB735F730A29A3AC003261DC /* src */,
			);
			name = Engine;
			sourceTree = "<group>";
		};
		AB735F730A29A3AC003261DC /* src */ = {
			isa = PBXGroup;
			children = (
				ABFABB3425455EF80005398A /* glbuild_fs.glsl */,
				ABFABB3325455EF80005398A /* glbuild_vs.glsl */,
				ABE362562144F78100BA44B3 /* polymost_vs.glsl */,
				ABE3624D2144CC9000BA44B3 /* polymost_fs.glsl */,
				ABE362572146955700BA44B3 /* polymostaux_vs.glsl */,
				ABE3624E2144CC9000BA44B3 /* polymostaux_fs.glsl */,
				ABA9E3020FEF9D170024231F /* a.h */,
				ABA9E3030FEF9D170024231F /* kplib.h */,
				ABA9E3040FEF9D170024231F /* osxbits.h */,
				ABA9E3060FEF9D170024231F /* polymosttexcache.h */,
				AB735F4E0A29A39C003261DC /* a-c.c */,
				ABF1DD181BB7D0F5007DE427 /* asmprot.c */,
				AB735F4F0A29A39C003261DC /* baselayer.c */,
				AB735F500A29A39C003261DC /* cache1d.c */,
				AB735F510A29A39C003261DC /* compat.c */,
				AB735F520A29A39C003261DC /* crc32.c */,
				AB735F530A29A39C003261DC /* defs.c */,
				AB735F540A29A39C003261DC /* engine.c */,
				AB3B2AB50EE402B600944CD1 /* engine_priv.h */,
				AB735F550A29A39C003261DC /* glbuild.c */,
				AB3B2A0D0EE3FC0400944CD1 /* hightile.c */,
				AB3B2ABF0EE4033300944CD1 /* hightile_priv.h */,
				AB735F560A29A39C003261DC /* kplib.c */,
				AB3B2A6B0EE4007B00944CD1 /* mdsprite.c */,
				AB3B2AC00EE4033300944CD1 /* mdsprite_priv.h */,
				AB735F5A0A29A39C003261DC /* mmulti.c */,
				AB735F5B0A29A39C003261DC /* osd.c */,
				AB735F5C0A29A39C003261DC /* osxbits.m */,
				AB3B2A1C0EE3FCF900944CD1 /* polymost.c */,
				AB3B2AC10EE4033300944CD1 /* polymost_priv.h */,
				AB726D4A0F046C3B00730EAA /* polymosttex.c */,
				AB726D4B0F046C3B00730EAA /* polymosttex_priv.h */,
				AB6725F80F0F8114000C7D92 /* polymosttexcache.c */,
				AB6727E30F1093DC000C7D92 /* polymosttexcompress.cc */,
				AB735F5D0A29A39C003261DC /* pragmas.c */,
				ABBB1E8C21C7926D00DD438B /* rg_etc1.cpp */,
				AB735F5E0A29A39C003261DC /* scriptfile.c */,
				AB735F5F0A29A39C003261DC /* sdlayer2.c */,
				AB3B2C7F0EE41B9000944CD1 /* smalltextfont.c */,
				AB3B2C800EE41B9000944CD1 /* textfont.c */,
				AB48BD6C208C0AEA00E38090 /* version-auto.c */,
			);
			name = src;
			path = ../src;
			sourceTree = "<group>";
		};
		AB735F760A29A3F2003261DC /* include */ = {
			isa = PBXGroup;
			children = (
				AB735F780A29A44C003261DC /* baselayer.h */,
				AB735F790A29A44C003261DC /* build.h */,
				AB735F7A0A29A44C003261DC /* cache1d.h */,
				AB735F7B0A29A44C003261DC /* compat.h */,
				AB735F7C0A29A44C003261DC /* crc32.h */,
				AB735F7D0A29A44C003261DC /* glbuild.h */,
				AB735F810A29A44C003261DC /* mmulti.h */,
				AB735F830A29A44C003261DC /* osd.h */,
				AB735F850A29A44C003261DC /* pragmas.h */,
				AB735F860A29A44C003261DC /* scriptfile.h */,
				AB735F870A29A44C003261DC /* sdlayer.h */,
			);
			name = include;
			path = ../include;
			sourceTree = "<group>";
		};
		AB735FBF0A29A89F003261DC /* Editor */ = {
			isa = PBXGroup;
			children = (
				AB735FC00A29A8A4003261DC /* include */,
				AB735FC10A29A8AE003261DC /* src */,
			);
			name = Editor;
			sourceTree = "<group>";
		};
		AB735FC00A29A8A4003261DC /* include */ = {
			isa = PBXGroup;
			children = (
				AB735FC60A29A8FD003261DC /* editor.h */,
			);
			name = include;
			path = ../include;
			sourceTree = "<group>";
		};
		AB735FC10A29A8AE003261DC /* src */ = {
			isa = PBXGroup;
			children = (
				AB3E07290A33035B00FF2442 /* EditorStartupWinController.m */,
				AB735FC20A29A8E5003261DC /* build.c */,
				AB735FC30A29A8E5003261DC /* config.c */,
			);
			name = src;
			path = ../src;
			sourceTree = "<group>";
		};
		ABAE9ADA0F0B30D500A528DC /* Tools */ = {
			isa = PBXGroup;
			children = (
				ABE3624A2144CA9000BA44B3 /* bin2c.cc */,
				ABAE9ADB0F0B310900A528DC /* kextract.c */,
				ABAE9ADC0F0B310900A528DC /* kgroup.c */,
				ABAE9ADD0F0B310900A528DC /* transpal.c */,
				ABAE9ADE0F0B311E00A528DC /* arttool.cc */,
			);
			name = Tools;
			path = ../tools;
			sourceTree = "<group>";
		};
/* End PBXGroup section */

/* Begin PBXHeadersBuildPhase section */
		AB3FE44B0C04336F00D5DBDC /* Headers */ = {
			isa = PBXHeadersBuildPhase;
			buildActionMask = 2147483647;
			files = (
			);
			runOnlyForDeploymentPostprocessing = 0;
		};
		AB735F450A29A2DC003261DC /* Headers */ = {
			isa = PBXHeadersBuildPhase;
			buildActionMask = 2147483647;
			files = (
				AB735F890A29A44C003261DC /* baselayer.h in Headers */,
				AB735F8A0A29A44C003261DC /* build.h in Headers */,
				AB735F8B0A29A44C003261DC /* cache1d.h in Headers */,
				AB735F8C0A29A44C003261DC /* compat.h in Headers */,
				AB735F8D0A29A44C003261DC /* crc32.h in Headers */,
				AB735F8E0A29A44C003261DC /* glbuild.h in Headers */,
				AB735F920A29A44C003261DC /* mmulti.h in Headers */,
				AB735F940A29A44C003261DC /* osd.h in Headers */,
				AB735F960A29A44C003261DC /* pragmas.h in Headers */,
				AB735F970A29A44C003261DC /* scriptfile.h in Headers */,
				AB735F980A29A44C003261DC /* sdlayer.h in Headers */,
				AB735FC70A29A8FD003261DC /* editor.h in Headers */,
				AB3B2AB60EE402B600944CD1 /* engine_priv.h in Headers */,
				AB3B2AC20EE4033300944CD1 /* hightile_priv.h in Headers */,
				AB3B2AC30EE4033300944CD1 /* mdsprite_priv.h in Headers */,
				AB3B2AC40EE4033300944CD1 /* polymost_priv.h in Headers */,
				AB726D4D0F046C3B00730EAA /* polymosttex_priv.h in Headers */,
				ABA9E3070FEF9D170024231F /* a.h in Headers */,
				ABA9E3080FEF9D170024231F /* kplib.h in Headers */,
				ABA9E3090FEF9D170024231F /* osxbits.h in Headers */,
				ABA9E30B0FEF9D170024231F /* polymosttexcache.h in Headers */,
			);
			runOnlyForDeploymentPostprocessing = 0;
		};
		AB735FC80A29A916003261DC /* Headers */ = {
			isa = PBXHeadersBuildPhase;
			buildActionMask = 2147483647;
			files = (
				AB735FD00A29A994003261DC /* editor.h in Headers */,
			);
			runOnlyForDeploymentPostprocessing = 0;
		};
/* End PBXHeadersBuildPhase section */

/* Begin PBXNativeTarget section */
		AB3FE44A0C04336F00D5DBDC /* editorsupp */ = {
			isa = PBXNativeTarget;
			buildConfigurationList = AB3FE4520C04336F00D5DBDC /* Build configuration list for PBXNativeTarget "editorsupp" */;
			buildPhases = (
				AB3FE44B0C04336F00D5DBDC /* Headers */,
				AB3FE44D0C04336F00D5DBDC /* Sources */,
				AB3FE4510C04336F00D5DBDC /* Frameworks */,
			);
			buildRules = (
			);
			dependencies = (
			);
			name = editorsupp;
			productName = editor;
			productReference = AB3FE4550C04336F00D5DBDC /* libeditorsupp.a */;
			productType = "com.apple.product-type.library.static";
		};
		AB735F480A29A2DC003261DC /* engine */ = {
			isa = PBXNativeTarget;
			buildConfigurationList = AB735F4B0A29A2DD003261DC /* Build configuration list for PBXNativeTarget "engine" */;
			buildPhases = (
				AB735F450A29A2DC003261DC /* Headers */,
				AB48BD6B208C090300E38090 /* Generate version-auto.c */,
				AB735F460A29A2DC003261DC /* Sources */,
				AB735F470A29A2DC003261DC /* Frameworks */,
			);
			buildRules = (
				AB4F6B6E23118B7600713ACC /* PBXBuildRule */,
			);
			dependencies = (
			);
			name = engine;
			productName = engine;
			productReference = AB735F490A29A2DC003261DC /* libengine.a */;
			productType = "com.apple.product-type.library.static";
		};
		AB735FCB0A29A916003261DC /* editor */ = {
			isa = PBXNativeTarget;
			buildConfigurationList = AB735FCD0A29A965003261DC /* Build configuration list for PBXNativeTarget "editor" */;
			buildPhases = (
				AB735FC80A29A916003261DC /* Headers */,
				AB735FC90A29A916003261DC /* Sources */,
				AB735FCA0A29A916003261DC /* Frameworks */,
			);
			buildRules = (
			);
			dependencies = (
				AB3FE4670C0433A600D5DBDC /* PBXTargetDependency */,
			);
			name = editor;
			productName = editor;
			productReference = AB735FCC0A29A916003261DC /* libeditor.a */;
			productType = "com.apple.product-type.library.static";
		};
		ABAE9AD10F0B307500A528DC /* arttool */ = {
			isa = PBXNativeTarget;
			buildConfigurationList = ABAE9AD70F0B309500A528DC /* Build configuration list for PBXNativeTarget "arttool" */;
			buildPhases = (
				ABAE9ACF0F0B307500A528DC /* Sources */,
				ABAE9AD00F0B307500A528DC /* Frameworks */,
			);
			buildRules = (
			);
			dependencies = (
			);
			name = arttool;
			productName = arttool;
			productReference = ABAE9AD20F0B307500A528DC /* arttool */;
			productType = "com.apple.product-type.tool";
		};
		ABAE9C270F0CC80200A528DC /* kextract */ = {
			isa = PBXNativeTarget;
			buildConfigurationList = ABAE9C2B0F0CC80200A528DC /* Build configuration list for PBXNativeTarget "kextract" */;
			buildPhases = (
				ABAE9C280F0CC80200A528DC /* Sources */,
				ABAE9C2A0F0CC80200A528DC /* Frameworks */,
			);
			buildRules = (
			);
			dependencies = (
			);
			name = kextract;
			productName = arttool;
			productReference = ABAE9C2E0F0CC80200A528DC /* kextract */;
			productType = "com.apple.product-type.tool";
		};
		ABAE9C320F0CC81900A528DC /* kgroup */ = {
			isa = PBXNativeTarget;
			buildConfigurationList = ABAE9C360F0CC81900A528DC /* Build configuration list for PBXNativeTarget "kgroup" */;
			buildPhases = (
				ABAE9C330F0CC81900A528DC /* Sources */,
				ABAE9C350F0CC81900A528DC /* Frameworks */,
			);
			buildRules = (
			);
			dependencies = (
			);
			name = kgroup;
			productName = arttool;
			productReference = ABAE9C390F0CC81900A528DC /* kgroup */;
			productType = "com.apple.product-type.tool";
		};
		ABD03E201A5189E00012B9D1 /* transpal */ = {
			isa = PBXNativeTarget;
			buildConfigurationList = ABD03E251A5189E00012B9D1 /* Build configuration list for PBXNativeTarget "transpal" */;
			buildPhases = (
				ABD03E1D1A5189E00012B9D1 /* Sources */,
				ABD03E1E1A5189E00012B9D1 /* Frameworks */,
				ABD03E1F1A5189E00012B9D1 /* CopyFiles */,
			);
			buildRules = (
			);
			dependencies = (
			);
			name = transpal;
			productName = transpal;
			productReference = ABD03E211A5189E00012B9D1 /* transpal */;
			productType = "com.apple.product-type.tool";
		};
		ABE362422144CA6500BA44B3 /* bin2c */ = {
			isa = PBXNativeTarget;
			buildConfigurationList = ABE362462144CA6500BA44B3 /* Build configuration list for PBXNativeTarget "bin2c" */;
			buildPhases = (
				ABE362432144CA6500BA44B3 /* Sources */,
				ABE362452144CA6500BA44B3 /* Frameworks */,
			);
			buildRules = (
			);
			dependencies = (
			);
			name = bin2c;
			productName = arttool;
			productReference = ABE362492144CA6500BA44B3 /* bin2c */;
			productType = "com.apple.product-type.tool";
		};
/* End PBXNativeTarget section */

/* Begin PBXProject section */
		AB735F3A0A29A24A003261DC /* Project object */ = {
			isa = PBXProject;
			attributes = {
				LastUpgradeCheck = 0610;
				TargetAttributes = {
					AB3FE44A0C04336F00D5DBDC = {
						DevelopmentTeam = S7U4E54CHC;
					};
					AB735F480A29A2DC003261DC = {
						DevelopmentTeam = S7U4E54CHC;
					};
					AB735FCB0A29A916003261DC = {
						DevelopmentTeam = S7U4E54CHC;
					};
					AB77B4D2171AC3E800982712 = {
						DevelopmentTeam = S7U4E54CHC;
					};
					ABAE9AD10F0B307500A528DC = {
						DevelopmentTeam = S7U4E54CHC;
					};
					ABAE9C270F0CC80200A528DC = {
						DevelopmentTeam = S7U4E54CHC;
					};
					ABAE9C320F0CC81900A528DC = {
						DevelopmentTeam = S7U4E54CHC;
					};
					ABD03E201A5189E00012B9D1 = {
						CreatedOnToolsVersion = 6.1.1;
						DevelopmentTeam = S7U4E54CHC;
					};
				};
			};
			buildConfigurationList = AB735F3B0A29A24B003261DC /* Build configuration list for PBXProject "engine" */;
			compatibilityVersion = "Xcode 8.0";
			developmentRegion = en;
			hasScannedForEncodings = 0;
			knownRegions = (
				Base,
				en,
			);
			mainGroup = AB735F380A29A24A003261DC;
			productRefGroup = AB735F4A0A29A2DC003261DC /* Products */;
			projectDirPath = "";
			projectRoot = "";
			targets = (
				AB735F480A29A2DC003261DC /* engine */,
				AB735FCB0A29A916003261DC /* editor */,
				AB3FE44A0C04336F00D5DBDC /* editorsupp */,
				ABAE9AD10F0B307500A528DC /* arttool */,
				ABE362422144CA6500BA44B3 /* bin2c */,
				ABAE9C270F0CC80200A528DC /* kextract */,
				ABAE9C320F0CC81900A528DC /* kgroup */,
				ABD03E201A5189E00012B9D1 /* transpal */,
				AB77B4D2171AC3E800982712 /* tools */,
			);
		};
/* End PBXProject section */

/* Begin PBXShellScriptBuildPhase section */
		AB48BD6B208C090300E38090 /* Generate version-auto.c */ = {
			isa = PBXShellScriptBuildPhase;
			buildActionMask = 2147483647;
			files = (
			);
			inputPaths = (
			);
			name = "Generate version-auto.c";
			outputPaths = (
			);
			runOnlyForDeploymentPostprocessing = 0;
			shellPath = /bin/sh;
			shellScript = "cd $PROJECT_DIR/..\ngitdescribe=$(git describe --always 2>/dev/null || echo git error)\n\ncat >src/version-auto.c <<EOT\nconst char *build_version = \"$gitdescribe\";\nconst char *build_date = __DATE__;\nconst char *build_time = __TIME__;\nEOT";
			showEnvVarsInLog = 0;
		};
/* End PBXShellScriptBuildPhase section */

/* Begin PBXSourcesBuildPhase section */
		AB3FE44D0C04336F00D5DBDC /* Sources */ = {
			isa = PBXSourcesBuildPhase;
			buildActionMask = 2147483647;
			files = (
				AB3FE4500C04336F00D5DBDC /* EditorStartupWinController.m in Sources */,
			);
			runOnlyForDeploymentPostprocessing = 0;
		};
		AB735F460A29A2DC003261DC /* Sources */ = {
			isa = PBXSourcesBuildPhase;
			buildActionMask = 2147483647;
			files = (
				AB735F600A29A39C003261DC /* a-c.c in Sources */,
				AB735F610A29A39D003261DC /* baselayer.c in Sources */,
				AB735F620A29A39D003261DC /* cache1d.c in Sources */,
				AB735F630A29A39D003261DC /* compat.c in Sources */,
				AB735F640A29A39D003261DC /* crc32.c in Sources */,
				AB735F650A29A39D003261DC /* defs.c in Sources */,
				AB735F660A29A39D003261DC /* engine.c in Sources */,
				AB735F670A29A39D003261DC /* glbuild.c in Sources */,
				ABFABB3E25455F0E0005398A /* glbuild_fs.glsl in Sources */,
				ABFABB3F25455F0E0005398A /* glbuild_vs.glsl in Sources */,
				AB735F680A29A39D003261DC /* kplib.c in Sources */,
				AB735F6C0A29A39D003261DC /* mmulti.c in Sources */,
				AB735F6D0A29A39D003261DC /* osd.c in Sources */,
				AB735F6E0A29A39D003261DC /* osxbits.m in Sources */,
				AB735F6F0A29A39D003261DC /* pragmas.c in Sources */,
				AB735F700A29A39D003261DC /* scriptfile.c in Sources */,
				AB735F710A29A39D003261DC /* sdlayer2.c in Sources */,
				AB3B2A0E0EE3FC0400944CD1 /* hightile.c in Sources */,
				ABBB1E8D21C7926D00DD438B /* rg_etc1.cpp in Sources */,
				AB3B2A1D0EE3FCF900944CD1 /* polymost.c in Sources */,
				AB4F6B7023118E6C00713ACC /* polymost_vs.glsl in Sources */,
				AB4F6B7123118E7000713ACC /* polymost_fs.glsl in Sources */,
				AB4F6B7223118E7B00713ACC /* polymostaux_vs.glsl in Sources */,
				AB4F6B7323118E7F00713ACC /* polymostaux_fs.glsl in Sources */,
				AB3B2AE10EE403E000944CD1 /* mdsprite.c in Sources */,
				AB3B2C810EE41B9000944CD1 /* smalltextfont.c in Sources */,
				AB48BD6D208C0AEA00E38090 /* version-auto.c in Sources */,
				AB3B2C820EE41B9000944CD1 /* textfont.c in Sources */,
				AB726D4C0F046C3B00730EAA /* polymosttex.c in Sources */,
				ABF1DD191BB7D0F5007DE427 /* asmprot.c in Sources */,
				AB6725F90F0F8114000C7D92 /* polymosttexcache.c in Sources */,
				AB6727E40F1093DC000C7D92 /* polymosttexcompress.cc in Sources */,
				AB6728580F1096AF000C7D92 /* alpha.cpp in Sources */,
				AB67285A0F1096AF000C7D92 /* clusterfit.cpp in Sources */,
				AB67285C0F1096AF000C7D92 /* colourblock.cpp in Sources */,
				AB67285E0F1096AF000C7D92 /* colourfit.cpp in Sources */,
				AB6728600F1096AF000C7D92 /* colourset.cpp in Sources */,
				AB6728630F1096AF000C7D92 /* maths.cpp in Sources */,
				AB6728650F1096AF000C7D92 /* rangefit.cpp in Sources */,
				AB67286B0F1096AF000C7D92 /* singlecolourfit.cpp in Sources */,
				AB67286D0F1096AF000C7D92 /* squish.cpp in Sources */,
			);
			runOnlyForDeploymentPostprocessing = 0;
		};
		AB735FC90A29A916003261DC /* Sources */ = {
			isa = PBXSourcesBuildPhase;
			buildActionMask = 2147483647;
			files = (
				AB735FD10A29A99A003261DC /* build.c in Sources */,
				AB735FD20A29A99A003261DC /* config.c in Sources */,
			);
			runOnlyForDeploymentPostprocessing = 0;
		};
		ABAE9ACF0F0B307500A528DC /* Sources */ = {
			isa = PBXSourcesBuildPhase;
			buildActionMask = 2147483647;
			files = (
				ABAE9ADF0F0B311E00A528DC /* arttool.cc in Sources */,
			);
			runOnlyForDeploymentPostprocessing = 0;
		};
		ABAE9C280F0CC80200A528DC /* Sources */ = {
			isa = PBXSourcesBuildPhase;
			buildActionMask = 2147483647;
			files = (
				ABAE9C410F0CC83D00A528DC /* kextract.c in Sources */,
				ABAE9C440F0CC85E00A528DC /* compat.c in Sources */,
				AB73C4EA207A50B200121BF7 /* osxbits.m in Sources */,
			);
			runOnlyForDeploymentPostprocessing = 0;
		};
		ABAE9C330F0CC81900A528DC /* Sources */ = {
			isa = PBXSourcesBuildPhase;
			buildActionMask = 2147483647;
			files = (
				ABAE9C420F0CC84100A528DC /* kgroup.c in Sources */,
				ABAE9C4B0F0CCCC700A528DC /* compat.c in Sources */,
				AB63426D2430617A002CDE1A /* osxbits.m in Sources */,
			);
			runOnlyForDeploymentPostprocessing = 0;
		};
		ABD03E1D1A5189E00012B9D1 /* Sources */ = {
			isa = PBXSourcesBuildPhase;
			buildActionMask = 2147483647;
			files = (
				ABD03E2A1A518A4A0012B9D1 /* transpal.c in Sources */,
			);
			runOnlyForDeploymentPostprocessing = 0;
		};
		ABE362432144CA6500BA44B3 /* Sources */ = {
			isa = PBXSourcesBuildPhase;
			buildActionMask = 2147483647;
			files = (
				ABE3624B2144CA9000BA44B3 /* bin2c.cc in Sources */,
			);
			runOnlyForDeploymentPostprocessing = 0;
		};
/* End PBXSourcesBuildPhase section */

/* Begin PBXTargetDependency section */
		AB3FE4670C0433A600D5DBDC /* PBXTargetDependency */ = {
			isa = PBXTargetDependency;
			target = AB3FE44A0C04336F00D5DBDC /* editorsupp */;
			targetProxy = AB3FE4660C0433A600D5DBDC /* PBXContainerItemProxy */;
		};
		AB77B4D6171AC3F700982712 /* PBXTargetDependency */ = {
			isa = PBXTargetDependency;
			target = ABAE9AD10F0B307500A528DC /* arttool */;
			targetProxy = AB77B4D5171AC3F700982712 /* PBXContainerItemProxy */;
		};
		AB77B4D8171AC3F700982712 /* PBXTargetDependency */ = {
			isa = PBXTargetDependency;
			target = ABAE9C270F0CC80200A528DC /* kextract */;
			targetProxy = AB77B4D7171AC3F700982712 /* PBXContainerItemProxy */;
		};
		AB77B4DA171AC3F700982712 /* PBXTargetDependency */ = {
			isa = PBXTargetDependency;
			target = ABAE9C320F0CC81900A528DC /* kgroup */;
			targetProxy = AB77B4D9171AC3F700982712 /* PBXContainerItemProxy */;
		};
		ABD03E291A518A1F0012B9D1 /* PBXTargetDependency */ = {
			isa = PBXTargetDependency;
			target = ABD03E201A5189E00012B9D1 /* transpal */;
			targetProxy = ABD03E281A518A1F0012B9D1 /* PBXContainerItemProxy */;
		};
/* End PBXTargetDependency section */

/* Begin XCBuildConfiguration section */
		AB3FE4530C04336F00D5DBDC /* Debug */ = {
			isa = XCBuildConfiguration;
			buildSettings = {
				COMBINE_HIDPI_IMAGES = YES;
				COPY_PHASE_STRIP = NO;
				PRODUCT_NAME = editorsupp;
			};
			name = Debug;
		};
		AB3FE4540C04336F00D5DBDC /* Release */ = {
			isa = XCBuildConfiguration;
			buildSettings = {
				COMBINE_HIDPI_IMAGES = YES;
				COPY_PHASE_STRIP = YES;
				PRODUCT_NAME = editorsupp;
			};
			name = Release;
		};
		AB735F3C0A29A24B003261DC /* Debug */ = {
			isa = XCBuildConfiguration;
			buildSettings = {
				ALWAYS_SEARCH_USER_PATHS = NO;
				CLANG_CXX_LIBRARY = "libc++";
				CLANG_WARN_STRICT_PROTOTYPES = YES;
				CODE_SIGN_IDENTITY = "Mac Developer";
				COPY_PHASE_STRIP = NO;
				DEVELOPMENT_TEAM = S7U4E54CHC;
				FRAMEWORK_SEARCH_PATHS = "$(HOME)/Library/Frameworks";
				GCC_CHAR_IS_UNSIGNED_CHAR = NO;
				GCC_ENABLE_CPP_EXCEPTIONS = NO;
				GCC_ENABLE_CPP_RTTI = NO;
				GCC_OPTIMIZATION_LEVEL = 0;
				GCC_PREPROCESSOR_DEFINITIONS = (
					"USE_POLYMOST=1",
					"USE_OPENGL=3",
					RENDERTYPESDL,
					DEBUGGINGAIDS,
					MMULTI_DEBUG_SENDRECV,
				);
				MACOSX_DEPLOYMENT_TARGET = 10.9;
				ONLY_ACTIVE_ARCH = YES;
				SKIP_INSTALL = YES;
				WARNING_CFLAGS = (
					"-W",
					"-Wall",
					"-Wno-unused-variable",
					"-Wno-unused-function",
				);
			};
			name = Debug;
		};
		AB735F3D0A29A24B003261DC /* Release */ = {
			isa = XCBuildConfiguration;
			buildSettings = {
				ALWAYS_SEARCH_USER_PATHS = NO;
				CLANG_CXX_LIBRARY = "libc++";
				CLANG_WARN_STRICT_PROTOTYPES = YES;
				CODE_SIGN_IDENTITY = "Mac Developer";
				COPY_PHASE_STRIP = YES;
				DEVELOPMENT_TEAM = S7U4E54CHC;
				FRAMEWORK_SEARCH_PATHS = "$(HOME)/Library/Frameworks";
				GCC_CHAR_IS_UNSIGNED_CHAR = NO;
				GCC_ENABLE_CPP_EXCEPTIONS = NO;
				GCC_ENABLE_CPP_RTTI = NO;
				GCC_PREPROCESSOR_DEFINITIONS = (
					"USE_POLYMOST=1",
					"USE_OPENGL=3",
					RENDERTYPESDL,
				);
				MACOSX_DEPLOYMENT_TARGET = 10.9;
				SKIP_INSTALL = YES;
				WARNING_CFLAGS = (
					"-W",
					"-Wall",
					"-Wno-unused-variable",
					"-Wno-unused-function",
				);
			};
			name = Release;
		};
		AB735F4C0A29A2DD003261DC /* Debug */ = {
			isa = XCBuildConfiguration;
			buildSettings = {
				COMBINE_HIDPI_IMAGES = YES;
				COPY_PHASE_STRIP = NO;
				FRAMEWORK_SEARCH_PATHS = "$(inherited)";
				PRODUCT_NAME = engine;
			};
			name = Debug;
		};
		AB735F4D0A29A2DD003261DC /* Release */ = {
			isa = XCBuildConfiguration;
			buildSettings = {
				COMBINE_HIDPI_IMAGES = YES;
				COPY_PHASE_STRIP = YES;
				FRAMEWORK_SEARCH_PATHS = "$(inherited)";
				PRODUCT_NAME = engine;
			};
			name = Release;
		};
		AB735FCE0A29A965003261DC /* Debug */ = {
			isa = XCBuildConfiguration;
			buildSettings = {
				COMBINE_HIDPI_IMAGES = YES;
				COPY_PHASE_STRIP = NO;
				PRODUCT_NAME = editor;
			};
			name = Debug;
		};
		AB735FCF0A29A965003261DC /* Release */ = {
			isa = XCBuildConfiguration;
			buildSettings = {
				COMBINE_HIDPI_IMAGES = YES;
				COPY_PHASE_STRIP = YES;
				PRODUCT_NAME = editor;
			};
			name = Release;
		};
		AB77B4D3171AC3E900982712 /* Debug */ = {
			isa = XCBuildConfiguration;
			buildSettings = {
				PRODUCT_NAME = Tools;
			};
			name = Debug;
		};
		AB77B4D4171AC3E900982712 /* Release */ = {
			isa = XCBuildConfiguration;
			buildSettings = {
				PRODUCT_NAME = Tools;
			};
			name = Release;
		};
		ABAE9AD80F0B309500A528DC /* Debug */ = {
			isa = XCBuildConfiguration;
			buildSettings = {
				INSTALL_PATH = "$(HOME)/bin";
				PRODUCT_NAME = arttool;
			};
			name = Debug;
		};
		ABAE9AD90F0B309500A528DC /* Release */ = {
			isa = XCBuildConfiguration;
			buildSettings = {
				INSTALL_PATH = "$(HOME)/bin";
				PRODUCT_NAME = arttool;
			};
			name = Release;
		};
		ABAE9C2C0F0CC80200A528DC /* Debug */ = {
			isa = XCBuildConfiguration;
			buildSettings = {
				INSTALL_PATH = "$(HOME)/bin";
				PRODUCT_NAME = kextract;
			};
			name = Debug;
		};
		ABAE9C2D0F0CC80200A528DC /* Release */ = {
			isa = XCBuildConfiguration;
			buildSettings = {
				INSTALL_PATH = "$(HOME)/bin";
				PRODUCT_NAME = kextract;
			};
			name = Release;
		};
		ABAE9C370F0CC81900A528DC /* Debug */ = {
			isa = XCBuildConfiguration;
			buildSettings = {
				INSTALL_PATH = "$(HOME)/bin";
				PRODUCT_NAME = kgroup;
			};
			name = Debug;
		};
		ABAE9C380F0CC81900A528DC /* Release */ = {
			isa = XCBuildConfiguration;
			buildSettings = {
				INSTALL_PATH = "$(HOME)/bin";
				PRODUCT_NAME = kgroup;
			};
			name = Release;
		};
		ABD03E261A5189E00012B9D1 /* Debug */ = {
			isa = XCBuildConfiguration;
			buildSettings = {
				INSTALL_PATH = "$(HOME)/bin";
				PRODUCT_NAME = "$(TARGET_NAME)";
			};
			name = Debug;
		};
		ABD03E271A5189E00012B9D1 /* Release */ = {
			isa = XCBuildConfiguration;
			buildSettings = {
				INSTALL_PATH = "$(HOME)/bin";
				PRODUCT_NAME = "$(TARGET_NAME)";
			};
			name = Release;
		};
		ABE362472144CA6500BA44B3 /* Debug */ = {
			isa = XCBuildConfiguration;
			buildSettings = {
				INSTALL_PATH = "$(HOME)/bin";
				PRODUCT_NAME = "$(TARGET_NAME)";
			};
			name = Debug;
		};
		ABE362482144CA6500BA44B3 /* Release */ = {
			isa = XCBuildConfiguration;
			buildSettings = {
				INSTALL_PATH = "$(HOME)/bin";
				PRODUCT_NAME = "$(TARGET_NAME)";
			};
			name = Release;
		};
/* End XCBuildConfiguration section */

/* Begin XCConfigurationList section */
		AB3FE4520C04336F00D5DBDC /* Build configuration list for PBXNativeTarget "editorsupp" */ = {
			isa = XCConfigurationList;
			buildConfigurations = (
				AB3FE4530C04336F00D5DBDC /* Debug */,
				AB3FE4540C04336F00D5DBDC /* Release */,
			);
			defaultConfigurationIsVisible = 0;
			defaultConfigurationName = Release;
		};
		AB735F3B0A29A24B003261DC /* Build configuration list for PBXProject "engine" */ = {
			isa = XCConfigurationList;
			buildConfigurations = (
				AB735F3C0A29A24B003261DC /* Debug */,
				AB735F3D0A29A24B003261DC /* Release */,
			);
			defaultConfigurationIsVisible = 0;
			defaultConfigurationName = Release;
		};
		AB735F4B0A29A2DD003261DC /* Build configuration list for PBXNativeTarget "engine" */ = {
			isa = XCConfigurationList;
			buildConfigurations = (
				AB735F4C0A29A2DD003261DC /* Debug */,
				AB735F4D0A29A2DD003261DC /* Release */,
			);
			defaultConfigurationIsVisible = 0;
			defaultConfigurationName = Release;
		};
		AB735FCD0A29A965003261DC /* Build configuration list for PBXNativeTarget "editor" */ = {
			isa = XCConfigurationList;
			buildConfigurations = (
				AB735FCE0A29A965003261DC /* Debug */,
				AB735FCF0A29A965003261DC /* Release */,
			);
			defaultConfigurationIsVisible = 0;
			defaultConfigurationName = Release;
		};
		AB77B4EB171AC41C00982712 /* Build configuration list for PBXAggregateTarget "tools" */ = {
			isa = XCConfigurationList;
			buildConfigurations = (
				AB77B4D3171AC3E900982712 /* Debug */,
				AB77B4D4171AC3E900982712 /* Release */,
			);
			defaultConfigurationIsVisible = 0;
			defaultConfigurationName = Release;
		};
		ABAE9AD70F0B309500A528DC /* Build configuration list for PBXNativeTarget "arttool" */ = {
			isa = XCConfigurationList;
			buildConfigurations = (
				ABAE9AD80F0B309500A528DC /* Debug */,
				ABAE9AD90F0B309500A528DC /* Release */,
			);
			defaultConfigurationIsVisible = 0;
			defaultConfigurationName = Release;
		};
		ABAE9C2B0F0CC80200A528DC /* Build configuration list for PBXNativeTarget "kextract" */ = {
			isa = XCConfigurationList;
			buildConfigurations = (
				ABAE9C2C0F0CC80200A528DC /* Debug */,
				ABAE9C2D0F0CC80200A528DC /* Release */,
			);
			defaultConfigurationIsVisible = 0;
			defaultConfigurationName = Release;
		};
		ABAE9C360F0CC81900A528DC /* Build configuration list for PBXNativeTarget "kgroup" */ = {
			isa = XCConfigurationList;
			buildConfigurations = (
				ABAE9C370F0CC81900A528DC /* Debug */,
				ABAE9C380F0CC81900A528DC /* Release */,
			);
			defaultConfigurationIsVisible = 0;
			defaultConfigurationName = Release;
		};
		ABD03E251A5189E00012B9D1 /* Build configuration list for PBXNativeTarget "transpal" */ = {
			isa = XCConfigurationList;
			buildConfigurations = (
				ABD03E261A5189E00012B9D1 /* Debug */,
				ABD03E271A5189E00012B9D1 /* Release */,
			);
			defaultConfigurationIsVisible = 0;
			defaultConfigurationName = Release;
		};
		ABE362462144CA6500BA44B3 /* Build configuration list for PBXNativeTarget "bin2c" */ = {
			isa = XCConfigurationList;
			buildConfigurations = (
				ABE362472144CA6500BA44B3 /* Debug */,
				ABE362482144CA6500BA44B3 /* Release */,
			);
			defaultConfigurationIsVisible = 0;
			defaultConfigurationName = Release;
		};
/* End XCConfigurationList section */
	};
	rootObject = AB735F3A0A29A24A003261DC /* Project object */;
}
