// !$*UTF8*$!
{
	archiveVersion = 1;
	classes = {
	};
	objectVersion = 42;
	objects = {

/* Begin PBXBuildFile section */
		AB053FAC0A33135800FA2918 /* StartupWinController.game.m in Sources */ = {isa = PBXBuildFile; fileRef = AB053FAB0A33135800FA2918 /* StartupWinController.game.m */; };
		AB053FAD0A33136000FA2918 /* osxmain.nib in Resources */ = {isa = PBXBuildFile; fileRef = AB3E07700A3307F700FF2442 /* osxmain.nib */; };
		AB053FAF0A33136D00FA2918 /* startwin.game.nib in Resources */ = {isa = PBXBuildFile; fileRef = AB053FAE0A33136D00FA2918 /* startwin.game.nib */; };
		AB053FB70A3313A000FA2918 /* game.bmp in Resources */ = {isa = PBXBuildFile; fileRef = AB053FB60A3313A000FA2918 /* game.bmp */; };
		AB3E07660A33068500FF2442 /* startwin.editor.nib in Resources */ = {isa = PBXBuildFile; fileRef = AB3E07650A33068500FF2442 /* startwin.editor.nib */; };
		AB3E076E0A3306CE00FF2442 /* build.bmp in Resources */ = {isa = PBXBuildFile; fileRef = AB3E076D0A3306CE00FF2442 /* build.bmp */; };
		AB3E07710A3307F700FF2442 /* osxmain.nib in Resources */ = {isa = PBXBuildFile; fileRef = AB3E07700A3307F700FF2442 /* osxmain.nib */; };
		AB3FE4680C0433D000D5DBDC /* libeditorsupp.a in Frameworks */ = {isa = PBXBuildFile; fileRef = AB3FE4580C04338D00D5DBDC /* libeditorsupp.a */; };
		AB69BCCF0A73BBC800F3DCB8 /* config.c in Sources */ = {isa = PBXBuildFile; fileRef = AB69BCCE0A73BBC800F3DCB8 /* config.c */; };
		AB726D410F046BDE00730EAA /* sound_stub.c in Sources */ = {isa = PBXBuildFile; fileRef = AB726D400F046BDE00730EAA /* sound_stub.c */; };
		AB726D690F046E7800730EAA /* ascboard.map in CopyFiles */ = {isa = PBXBuildFile; fileRef = AB726D610F046E6E00730EAA /* ascboard.map */; };
		AB726D6A0F046E7800730EAA /* boards.map in CopyFiles */ = {isa = PBXBuildFile; fileRef = AB726D620F046E6E00730EAA /* boards.map */; };
		AB726D6B0F046E7800730EAA /* evilal.map in CopyFiles */ = {isa = PBXBuildFile; fileRef = AB726D630F046E6E00730EAA /* evilal.map */; };
		AB726D6C0F046E7800730EAA /* kensig.map in CopyFiles */ = {isa = PBXBuildFile; fileRef = AB726D640F046E6E00730EAA /* kensig.map */; };
		AB726D6D0F046E7800730EAA /* names.h in CopyFiles */ = {isa = PBXBuildFile; fileRef = AB726D650F046E6E00730EAA /* names.h */; };
		AB726D6E0F046E7800730EAA /* nsnoal.map in CopyFiles */ = {isa = PBXBuildFile; fileRef = AB726D660F046E6E00730EAA /* nsnoal.map */; };
		AB726D6F0F046E7800730EAA /* nukeland.map in CopyFiles */ = {isa = PBXBuildFile; fileRef = AB726D670F046E6E00730EAA /* nukeland.map */; };
		AB726D700F046E7800730EAA /* stuff.dat in CopyFiles */ = {isa = PBXBuildFile; fileRef = AB726D680F046E6E00730EAA /* stuff.dat */; };
		AB726D910F046F8000730EAA /* ascboard.map in CopyFiles */ = {isa = PBXBuildFile; fileRef = AB726D610F046E6E00730EAA /* ascboard.map */; };
		AB726D920F046F8000730EAA /* boards.map in CopyFiles */ = {isa = PBXBuildFile; fileRef = AB726D620F046E6E00730EAA /* boards.map */; };
		AB726D930F046F8000730EAA /* evilal.map in CopyFiles */ = {isa = PBXBuildFile; fileRef = AB726D630F046E6E00730EAA /* evilal.map */; };
		AB726D940F046F8000730EAA /* kensig.map in CopyFiles */ = {isa = PBXBuildFile; fileRef = AB726D640F046E6E00730EAA /* kensig.map */; };
		AB726D950F046F8000730EAA /* names.h in CopyFiles */ = {isa = PBXBuildFile; fileRef = AB726D650F046E6E00730EAA /* names.h */; };
		AB726D960F046F8000730EAA /* nsnoal.map in CopyFiles */ = {isa = PBXBuildFile; fileRef = AB726D660F046E6E00730EAA /* nsnoal.map */; };
		AB726D970F046F8000730EAA /* nukeland.map in CopyFiles */ = {isa = PBXBuildFile; fileRef = AB726D670F046E6E00730EAA /* nukeland.map */; };
		AB726D980F046F8000730EAA /* stuff.dat in CopyFiles */ = {isa = PBXBuildFile; fileRef = AB726D680F046E6E00730EAA /* stuff.dat */; };
		AB7360330A29AB7E003261DC /* game.c in Sources */ = {isa = PBXBuildFile; fileRef = AB7360310A29AB7E003261DC /* game.c */; };
		AB73604B0A29AD5F003261DC /* libengine.a in Frameworks */ = {isa = PBXBuildFile; fileRef = AB73601B0A29AA70003261DC /* libengine.a */; };
		AB73605A0A29ADB5003261DC /* libengine.a in Frameworks */ = {isa = PBXBuildFile; fileRef = AB73601B0A29AA70003261DC /* libengine.a */; };
		AB73605B0A29ADB7003261DC /* libeditor.a in Frameworks */ = {isa = PBXBuildFile; fileRef = AB73601D0A29AA70003261DC /* libeditor.a */; };
		AB73605D0A29ADCD003261DC /* bstub.c in Sources */ = {isa = PBXBuildFile; fileRef = AB73605C0A29ADCD003261DC /* bstub.c */; };
		AB7361230A29B9D4003261DC /* SDL.framework in Frameworks */ = {isa = PBXBuildFile; fileRef = AB7361220A29B9D4003261DC /* SDL.framework */; };
		AB7361240A29B9D4003261DC /* SDL.framework in Frameworks */ = {isa = PBXBuildFile; fileRef = AB7361220A29B9D4003261DC /* SDL.framework */; };
		AB7361290A29BA60003261DC /* CoreFoundation.framework in Frameworks */ = {isa = PBXBuildFile; fileRef = AB7361280A29BA60003261DC /* CoreFoundation.framework */; };
		AB73612A0A29BA60003261DC /* CoreFoundation.framework in Frameworks */ = {isa = PBXBuildFile; fileRef = AB7361280A29BA60003261DC /* CoreFoundation.framework */; };
		AB73612D0A29BA7A003261DC /* AppKit.framework in Frameworks */ = {isa = PBXBuildFile; fileRef = AB73612C0A29BA7A003261DC /* AppKit.framework */; };
		AB73612E0A29BA7A003261DC /* AppKit.framework in Frameworks */ = {isa = PBXBuildFile; fileRef = AB73612C0A29BA7A003261DC /* AppKit.framework */; };
/* End PBXBuildFile section */

/* Begin PBXContainerItemProxy section */
		AB3FE4570C04338D00D5DBDC /* PBXContainerItemProxy */ = {
			isa = PBXContainerItemProxy;
			containerPortal = AB7360140A29AA70003261DC /* engine.xcodeproj */;
			proxyType = 2;
			remoteGlobalIDString = AB3FE4550C04336F00D5DBDC;
			remoteInfo = editorsupp;
		};
		AB73601A0A29AA70003261DC /* PBXContainerItemProxy */ = {
			isa = PBXContainerItemProxy;
			containerPortal = AB7360140A29AA70003261DC /* engine.xcodeproj */;
			proxyType = 2;
			remoteGlobalIDString = AB735F490A29A2DC003261DC;
			remoteInfo = engine;
		};
		AB73601C0A29AA70003261DC /* PBXContainerItemProxy */ = {
			isa = PBXContainerItemProxy;
			containerPortal = AB7360140A29AA70003261DC /* engine.xcodeproj */;
			proxyType = 2;
			remoteGlobalIDString = AB735FCC0A29A916003261DC;
			remoteInfo = editor;
		};
		AB7360490A29AD51003261DC /* PBXContainerItemProxy */ = {
			isa = PBXContainerItemProxy;
			containerPortal = AB7360140A29AA70003261DC /* engine.xcodeproj */;
			proxyType = 1;
			remoteGlobalIDString = AB735F480A29A2DC003261DC;
			remoteInfo = engine;
		};
		AB7360560A29AD99003261DC /* PBXContainerItemProxy */ = {
			isa = PBXContainerItemProxy;
			containerPortal = AB7360140A29AA70003261DC /* engine.xcodeproj */;
			proxyType = 1;
			remoteGlobalIDString = AB735F480A29A2DC003261DC;
			remoteInfo = engine;
		};
		AB7360580A29AD99003261DC /* PBXContainerItemProxy */ = {
			isa = PBXContainerItemProxy;
			containerPortal = AB7360140A29AA70003261DC /* engine.xcodeproj */;
			proxyType = 1;
			remoteGlobalIDString = AB735FCB0A29A916003261DC;
			remoteInfo = editor;
		};
		ABAE9AD50F0B308900A528DC /* PBXContainerItemProxy */ = {
			isa = PBXContainerItemProxy;
			containerPortal = AB7360140A29AA70003261DC /* engine.xcodeproj */;
			proxyType = 2;
			remoteGlobalIDString = ABAE9AD20F0B307500A528DC;
			remoteInfo = arttool;
		};
		ABAE9C3D0F0CC83700A528DC /* PBXContainerItemProxy */ = {
			isa = PBXContainerItemProxy;
			containerPortal = AB7360140A29AA70003261DC /* engine.xcodeproj */;
			proxyType = 2;
			remoteGlobalIDString = ABAE9C2E0F0CC80200A528DC;
			remoteInfo = kextract;
		};
		ABAE9C3F0F0CC83700A528DC /* PBXContainerItemProxy */ = {
			isa = PBXContainerItemProxy;
			containerPortal = AB7360140A29AA70003261DC /* engine.xcodeproj */;
			proxyType = 2;
			remoteGlobalIDString = ABAE9C390F0CC81900A528DC;
			remoteInfo = kgroup;
		};
/* End PBXContainerItemProxy section */

/* Begin PBXCopyFilesBuildPhase section */
		AB69BCEA0A73BFC300F3DCB8 /* CopyFiles */ = {
			isa = PBXCopyFilesBuildPhase;
			buildActionMask = 2147483647;
			dstPath = "";
			dstSubfolderSpec = 16;
			files = (
				AB726D690F046E7800730EAA /* ascboard.map in CopyFiles */,
				AB726D6A0F046E7800730EAA /* boards.map in CopyFiles */,
				AB726D6B0F046E7800730EAA /* evilal.map in CopyFiles */,
				AB726D6C0F046E7800730EAA /* kensig.map in CopyFiles */,
				AB726D6D0F046E7800730EAA /* names.h in CopyFiles */,
				AB726D6E0F046E7800730EAA /* nsnoal.map in CopyFiles */,
				AB726D6F0F046E7800730EAA /* nukeland.map in CopyFiles */,
				AB726D700F046E7800730EAA /* stuff.dat in CopyFiles */,
			);
			runOnlyForDeploymentPostprocessing = 0;
		};
		AB726D9C0F046F8A00730EAA /* CopyFiles */ = {
			isa = PBXCopyFilesBuildPhase;
			buildActionMask = 2147483647;
			dstPath = "";
			dstSubfolderSpec = 16;
			files = (
				AB726D910F046F8000730EAA /* ascboard.map in CopyFiles */,
				AB726D920F046F8000730EAA /* boards.map in CopyFiles */,
				AB726D930F046F8000730EAA /* evilal.map in CopyFiles */,
				AB726D940F046F8000730EAA /* kensig.map in CopyFiles */,
				AB726D950F046F8000730EAA /* names.h in CopyFiles */,
				AB726D960F046F8000730EAA /* nsnoal.map in CopyFiles */,
				AB726D970F046F8000730EAA /* nukeland.map in CopyFiles */,
				AB726D980F046F8000730EAA /* stuff.dat in CopyFiles */,
			);
			runOnlyForDeploymentPostprocessing = 0;
		};
/* End PBXCopyFilesBuildPhase section */

/* Begin PBXFileReference section */
		AB053FAB0A33135800FA2918 /* StartupWinController.game.m */ = {isa = PBXFileReference; fileEncoding = 4; lastKnownFileType = sourcecode.c.objc; path = StartupWinController.game.m; sourceTree = "<group>"; };
		AB053FAE0A33136D00FA2918 /* startwin.game.nib */ = {isa = PBXFileReference; lastKnownFileType = wrapper.nib; path = startwin.game.nib; sourceTree = SOURCE_ROOT; };
		AB053FB60A3313A000FA2918 /* game.bmp */ = {isa = PBXFileReference; lastKnownFileType = image.bmp; name = game.bmp; path = ../rsrc/game.bmp; sourceTree = "<group>"; };
		AB3E07650A33068500FF2442 /* startwin.editor.nib */ = {isa = PBXFileReference; lastKnownFileType = wrapper.nib; path = startwin.editor.nib; sourceTree = SOURCE_ROOT; };
		AB3E076D0A3306CE00FF2442 /* build.bmp */ = {isa = PBXFileReference; lastKnownFileType = image.bmp; name = build.bmp; path = ../rsrc/build.bmp; sourceTree = SOURCE_ROOT; };
		AB3E07700A3307F700FF2442 /* osxmain.nib */ = {isa = PBXFileReference; lastKnownFileType = wrapper.nib; path = osxmain.nib; sourceTree = SOURCE_ROOT; };
		AB69BCCE0A73BBC800F3DCB8 /* config.c */ = {isa = PBXFileReference; fileEncoding = 4; lastKnownFileType = sourcecode.c.c; name = config.c; path = ../src/config.c; sourceTree = SOURCE_ROOT; };
		AB726D400F046BDE00730EAA /* sound_stub.c */ = {isa = PBXFileReference; fileEncoding = 4; lastKnownFileType = sourcecode.c.c; name = sound_stub.c; path = ../src/sound_stub.c; sourceTree = SOURCE_ROOT; };
		AB726D610F046E6E00730EAA /* ascboard.map */ = {isa = PBXFileReference; lastKnownFileType = file; path = ascboard.map; sourceTree = "<group>"; };
		AB726D620F046E6E00730EAA /* boards.map */ = {isa = PBXFileReference; lastKnownFileType = file; path = boards.map; sourceTree = "<group>"; };
		AB726D630F046E6E00730EAA /* evilal.map */ = {isa = PBXFileReference; lastKnownFileType = file; path = evilal.map; sourceTree = "<group>"; };
		AB726D640F046E6E00730EAA /* kensig.map */ = {isa = PBXFileReference; lastKnownFileType = file; path = kensig.map; sourceTree = "<group>"; };
		AB726D650F046E6E00730EAA /* names.h */ = {isa = PBXFileReference; fileEncoding = 4; lastKnownFileType = sourcecode.c.h; path = names.h; sourceTree = "<group>"; };
		AB726D660F046E6E00730EAA /* nsnoal.map */ = {isa = PBXFileReference; lastKnownFileType = file; path = nsnoal.map; sourceTree = "<group>"; };
		AB726D670F046E6E00730EAA /* nukeland.map */ = {isa = PBXFileReference; lastKnownFileType = file; path = nukeland.map; sourceTree = "<group>"; };
		AB726D680F046E6E00730EAA /* stuff.dat */ = {isa = PBXFileReference; lastKnownFileType = file; path = stuff.dat; sourceTree = "<group>"; };
		AB7360140A29AA70003261DC /* engine.xcodeproj */ = {isa = PBXFileReference; lastKnownFileType = "wrapper.pb-project"; path = engine.xcodeproj; sourceTree = "<group>"; };
		AB73602A0A29AB08003261DC /* game.app */ = {isa = PBXFileReference; explicitFileType = wrapper.application; includeInIndex = 0; path = game.app; sourceTree = BUILT_PRODUCTS_DIR; };
		AB73602D0A29AB08003261DC /* game-Info.plist */ = {isa = PBXFileReference; lastKnownFileType = text.plist.xml; path = "game-Info.plist"; sourceTree = "<group>"; };
		AB7360310A29AB7E003261DC /* game.c */ = {isa = PBXFileReference; fileEncoding = 4; lastKnownFileType = sourcecode.c.c; path = game.c; sourceTree = "<group>"; };
		AB7360350A29AB93003261DC /* game.h */ = {isa = PBXFileReference; fileEncoding = 4; lastKnownFileType = sourcecode.c.h; path = game.h; sourceTree = "<group>"; };
		AB7360500A29AD92003261DC /* build.app */ = {isa = PBXFileReference; explicitFileType = wrapper.application; includeInIndex = 0; path = build.app; sourceTree = BUILT_PRODUCTS_DIR; };
		AB7360520A29AD92003261DC /* build-Info.plist */ = {isa = PBXFileReference; lastKnownFileType = text.plist.xml; path = "build-Info.plist"; sourceTree = "<group>"; };
		AB73605C0A29ADCD003261DC /* bstub.c */ = {isa = PBXFileReference; fileEncoding = 4; lastKnownFileType = sourcecode.c.c; path = bstub.c; sourceTree = "<group>"; };
		AB7361220A29B9D4003261DC /* SDL.framework */ = {isa = PBXFileReference; lastKnownFileType = wrapper.framework; name = SDL.framework; path = /Library/Frameworks/SDL.framework; sourceTree = "<absolute>"; };
		AB7361280A29BA60003261DC /* CoreFoundation.framework */ = {isa = PBXFileReference; lastKnownFileType = wrapper.framework; name = CoreFoundation.framework; path = /System/Library/Frameworks/CoreFoundation.framework; sourceTree = "<absolute>"; };
		AB73612C0A29BA7A003261DC /* AppKit.framework */ = {isa = PBXFileReference; lastKnownFileType = wrapper.framework; name = AppKit.framework; path = /System/Library/Frameworks/AppKit.framework; sourceTree = "<absolute>"; };
/* End PBXFileReference section */

/* Begin PBXFrameworksBuildPhase section */
		AB7360280A29AB08003261DC /* Frameworks */ = {
			isa = PBXFrameworksBuildPhase;
			buildActionMask = 2147483647;
			files = (
				AB73604B0A29AD5F003261DC /* libengine.a in Frameworks */,
				AB7361230A29B9D4003261DC /* SDL.framework in Frameworks */,
				AB7361290A29BA60003261DC /* CoreFoundation.framework in Frameworks */,
				AB73612D0A29BA7A003261DC /* AppKit.framework in Frameworks */,
			);
			runOnlyForDeploymentPostprocessing = 0;
		};
		AB73604E0A29AD92003261DC /* Frameworks */ = {
			isa = PBXFrameworksBuildPhase;
			buildActionMask = 2147483647;
			files = (
				AB73605B0A29ADB7003261DC /* libeditor.a in Frameworks */,
				AB73605A0A29ADB5003261DC /* libengine.a in Frameworks */,
				AB3FE4680C0433D000D5DBDC /* libeditorsupp.a in Frameworks */,
				AB7361240A29B9D4003261DC /* SDL.framework in Frameworks */,
				AB73612A0A29BA60003261DC /* CoreFoundation.framework in Frameworks */,
				AB73612E0A29BA7A003261DC /* AppKit.framework in Frameworks */,
			);
			runOnlyForDeploymentPostprocessing = 0;
		};
/* End PBXFrameworksBuildPhase section */

/* Begin PBXGroup section */
		AB726D600F046E4200730EAA /* KenBuild data */ = {
			isa = PBXGroup;
			children = (
				AB726D610F046E6E00730EAA /* ascboard.map */,
				AB726D620F046E6E00730EAA /* boards.map */,
				AB726D630F046E6E00730EAA /* evilal.map */,
				AB726D640F046E6E00730EAA /* kensig.map */,
				AB726D650F046E6E00730EAA /* names.h */,
				AB726D660F046E6E00730EAA /* nsnoal.map */,
				AB726D670F046E6E00730EAA /* nukeland.map */,
				AB726D680F046E6E00730EAA /* stuff.dat */,
			);
			name = "KenBuild data";
			path = "../kenbuild-data";
			sourceTree = "<group>";
		};
		AB7360090A29AA64003261DC = {
			isa = PBXGroup;
			children = (
				AB7360210A29AA91003261DC /* Editor */,
				AB7360200A29AA88003261DC /* Game */,
				AB726D600F046E4200730EAA /* KenBuild data */,
				AB7361210A29B9B1003261DC /* Frameworks */,
				AB73602B0A29AB08003261DC /* Products */,
				AB7360140A29AA70003261DC /* engine.xcodeproj */,
			);
			sourceTree = "<group>";
		};
		AB7360150A29AA70003261DC /* Products */ = {
			isa = PBXGroup;
			children = (
				AB73601B0A29AA70003261DC /* libengine.a */,
				AB73601D0A29AA70003261DC /* libeditor.a */,
				AB3FE4580C04338D00D5DBDC /* libeditorsupp.a */,
				ABAE9AD60F0B308900A528DC /* arttool */,
				ABAE9C3E0F0CC83700A528DC /* kextract */,
				ABAE9C400F0CC83700A528DC /* kgroup */,
			);
			name = Products;
			sourceTree = "<group>";
		};
		AB7360200A29AA88003261DC /* Game */ = {
			isa = PBXGroup;
			children = (
				AB726D400F046BDE00730EAA /* sound_stub.c */,
				AB69BCCE0A73BBC800F3DCB8 /* config.c */,
				AB7360220A29AA96003261DC /* testgame */,
				AB053FAE0A33136D00FA2918 /* startwin.game.nib */,
				AB053FB60A3313A000FA2918 /* game.bmp */,
				AB73602D0A29AB08003261DC /* game-Info.plist */,
			);
			name = Game;
			sourceTree = "<group>";
		};
		AB7360210A29AA91003261DC /* Editor */ = {
			isa = PBXGroup;
			children = (
				AB7360250A29AAD7003261DC /* include */,
				AB7360240A29AAC7003261DC /* src */,
				AB3E07700A3307F700FF2442 /* osxmain.nib */,
				AB3E07650A33068500FF2442 /* startwin.editor.nib */,
				AB3E076D0A3306CE00FF2442 /* build.bmp */,
				AB7360520A29AD92003261DC /* build-Info.plist */,
			);
			name = Editor;
			sourceTree = "<group>";
		};
		AB7360220A29AA96003261DC /* testgame */ = {
			isa = PBXGroup;
			children = (
				AB7360350A29AB93003261DC /* game.h */,
				AB73605C0A29ADCD003261DC /* bstub.c */,
				AB053FAB0A33135800FA2918 /* StartupWinController.game.m */,
				AB7360310A29AB7E003261DC /* game.c */,
			);
			name = testgame;
			path = ../testgame;
			sourceTree = "<group>";
		};
		AB7360240A29AAC7003261DC /* src */ = {
			isa = PBXGroup;
			children = (
			);
			name = src;
			path = ../src;
			sourceTree = "<group>";
		};
		AB7360250A29AAD7003261DC /* include */ = {
			isa = PBXGroup;
			children = (
			);
			name = include;
			path = ../include;
			sourceTree = "<group>";
		};
		AB73602B0A29AB08003261DC /* Products */ = {
			isa = PBXGroup;
			children = (
				AB73602A0A29AB08003261DC /* game.app */,
				AB7360500A29AD92003261DC /* build.app */,
			);
			name = Products;
			sourceTree = "<group>";
		};
		AB7361210A29B9B1003261DC /* Frameworks */ = {
			isa = PBXGroup;
			children = (
				AB73612C0A29BA7A003261DC /* AppKit.framework */,
				AB7361280A29BA60003261DC /* CoreFoundation.framework */,
				AB7361220A29B9D4003261DC /* SDL.framework */,
			);
			name = Frameworks;
			sourceTree = "<group>";
		};
/* End PBXGroup section */

/* Begin PBXNativeTarget section */
		AB7360290A29AB08003261DC /* game */ = {
			isa = PBXNativeTarget;
			buildConfigurationList = AB73602E0A29AB09003261DC /* Build configuration list for PBXNativeTarget "game" */;
			buildPhases = (
				AB7360260A29AB08003261DC /* Resources */,
				AB7360270A29AB08003261DC /* Sources */,
				AB7360280A29AB08003261DC /* Frameworks */,
				AB69BCEA0A73BFC300F3DCB8 /* CopyFiles */,
			);
			buildRules = (
			);
			dependencies = (
				AB73604A0A29AD51003261DC /* PBXTargetDependency */,
			);
			name = game;
			productName = game;
			productReference = AB73602A0A29AB08003261DC /* game.app */;
			productType = "com.apple.product-type.application";
		};
		AB73604F0A29AD92003261DC /* build */ = {
			isa = PBXNativeTarget;
			buildConfigurationList = AB7360530A29AD92003261DC /* Build configuration list for PBXNativeTarget "build" */;
			buildPhases = (
				AB73604C0A29AD92003261DC /* Resources */,
				AB73604D0A29AD92003261DC /* Sources */,
				AB73604E0A29AD92003261DC /* Frameworks */,
				AB726D9C0F046F8A00730EAA /* CopyFiles */,
			);
			buildRules = (
			);
			dependencies = (
				AB7360570A29AD99003261DC /* PBXTargetDependency */,
				AB7360590A29AD99003261DC /* PBXTargetDependency */,
			);
			name = build;
			productName = build;
			productReference = AB7360500A29AD92003261DC /* build.app */;
			productType = "com.apple.product-type.application";
		};
/* End PBXNativeTarget section */

/* Begin PBXProject section */
		AB73600B0A29AA64003261DC /* Project object */ = {
			isa = PBXProject;
			buildConfigurationList = AB73600C0A29AA64003261DC /* Build configuration list for PBXProject "game" */;
			compatibilityVersion = "Xcode 2.4";
			hasScannedForEncodings = 0;
			mainGroup = AB7360090A29AA64003261DC;
			productRefGroup = AB73602B0A29AB08003261DC /* Products */;
			projectDirPath = "";
			projectReferences = (
				{
					ProductGroup = AB7360150A29AA70003261DC /* Products */;
					ProjectRef = AB7360140A29AA70003261DC /* engine.xcodeproj */;
				},
			);
			projectRoot = ..;
			targets = (
				AB7360290A29AB08003261DC /* game */,
				AB73604F0A29AD92003261DC /* build */,
			);
		};
/* End PBXProject section */

/* Begin PBXReferenceProxy section */
		AB3FE4580C04338D00D5DBDC /* libeditorsupp.a */ = {
			isa = PBXReferenceProxy;
			fileType = archive.ar;
			path = libeditorsupp.a;
			remoteRef = AB3FE4570C04338D00D5DBDC /* PBXContainerItemProxy */;
			sourceTree = BUILT_PRODUCTS_DIR;
		};
		AB73601B0A29AA70003261DC /* libengine.a */ = {
			isa = PBXReferenceProxy;
			fileType = archive.ar;
			path = libengine.a;
			remoteRef = AB73601A0A29AA70003261DC /* PBXContainerItemProxy */;
			sourceTree = BUILT_PRODUCTS_DIR;
		};
		AB73601D0A29AA70003261DC /* libeditor.a */ = {
			isa = PBXReferenceProxy;
			fileType = archive.ar;
			path = libeditor.a;
			remoteRef = AB73601C0A29AA70003261DC /* PBXContainerItemProxy */;
			sourceTree = BUILT_PRODUCTS_DIR;
		};
		ABAE9AD60F0B308900A528DC /* arttool */ = {
			isa = PBXReferenceProxy;
			fileType = "compiled.mach-o.executable";
			path = arttool;
			remoteRef = ABAE9AD50F0B308900A528DC /* PBXContainerItemProxy */;
			sourceTree = BUILT_PRODUCTS_DIR;
		};
		ABAE9C3E0F0CC83700A528DC /* kextract */ = {
			isa = PBXReferenceProxy;
			fileType = "compiled.mach-o.executable";
			path = kextract;
			remoteRef = ABAE9C3D0F0CC83700A528DC /* PBXContainerItemProxy */;
			sourceTree = BUILT_PRODUCTS_DIR;
		};
		ABAE9C400F0CC83700A528DC /* kgroup */ = {
			isa = PBXReferenceProxy;
			fileType = "compiled.mach-o.executable";
			path = kgroup;
			remoteRef = ABAE9C3F0F0CC83700A528DC /* PBXContainerItemProxy */;
			sourceTree = BUILT_PRODUCTS_DIR;
		};
/* End PBXReferenceProxy section */

/* Begin PBXResourcesBuildPhase section */
		AB7360260A29AB08003261DC /* Resources */ = {
			isa = PBXResourcesBuildPhase;
			buildActionMask = 2147483647;
			files = (
				AB053FAD0A33136000FA2918 /* osxmain.nib in Resources */,
				AB053FAF0A33136D00FA2918 /* startwin.game.nib in Resources */,
				AB053FB70A3313A000FA2918 /* game.bmp in Resources */,
			);
			runOnlyForDeploymentPostprocessing = 0;
		};
		AB73604C0A29AD92003261DC /* Resources */ = {
			isa = PBXResourcesBuildPhase;
			buildActionMask = 2147483647;
			files = (
				AB3E07660A33068500FF2442 /* startwin.editor.nib in Resources */,
				AB3E076E0A3306CE00FF2442 /* build.bmp in Resources */,
				AB3E07710A3307F700FF2442 /* osxmain.nib in Resources */,
			);
			runOnlyForDeploymentPostprocessing = 0;
		};
/* End PBXResourcesBuildPhase section */

/* Begin PBXSourcesBuildPhase section */
		AB7360270A29AB08003261DC /* Sources */ = {
			isa = PBXSourcesBuildPhase;
			buildActionMask = 2147483647;
			files = (
				AB7360330A29AB7E003261DC /* game.c in Sources */,
				AB053FAC0A33135800FA2918 /* StartupWinController.game.m in Sources */,
				AB69BCCF0A73BBC800F3DCB8 /* config.c in Sources */,
				AB726D410F046BDE00730EAA /* sound_stub.c in Sources */,
			);
			runOnlyForDeploymentPostprocessing = 0;
		};
		AB73604D0A29AD92003261DC /* Sources */ = {
			isa = PBXSourcesBuildPhase;
			buildActionMask = 2147483647;
			files = (
				AB73605D0A29ADCD003261DC /* bstub.c in Sources */,
			);
			runOnlyForDeploymentPostprocessing = 0;
		};
/* End PBXSourcesBuildPhase section */

/* Begin PBXTargetDependency section */
		AB73604A0A29AD51003261DC /* PBXTargetDependency */ = {
			isa = PBXTargetDependency;
			name = engine;
			targetProxy = AB7360490A29AD51003261DC /* PBXContainerItemProxy */;
		};
		AB7360570A29AD99003261DC /* PBXTargetDependency */ = {
			isa = PBXTargetDependency;
			name = engine;
			targetProxy = AB7360560A29AD99003261DC /* PBXContainerItemProxy */;
		};
		AB7360590A29AD99003261DC /* PBXTargetDependency */ = {
			isa = PBXTargetDependency;
			name = editor;
			targetProxy = AB7360580A29AD99003261DC /* PBXContainerItemProxy */;
		};
/* End PBXTargetDependency section */

/* Begin XCBuildConfiguration section */
		AB73600D0A29AA64003261DC /* Debug */ = {
			isa = XCBuildConfiguration;
			buildSettings = {
				ARCHS = (
					ppc,
					i386,
				);
				COPY_PHASE_STRIP = NO;
				FRAMEWORK_SEARCH_PATHS = /Library/Frameworks;
				GCC_CHAR_IS_UNSIGNED_CHAR = YES;
				GCC_ENABLE_CPP_EXCEPTIONS = NO;
				GCC_ENABLE_CPP_RTTI = NO;
				GCC_OPTIMIZATION_LEVEL = 0;
				GCC_PREPROCESSOR_DEFINITIONS = (
					SUPERBUILD,
					POLYMOST,
					USE_OPENGL,
					DYNAMIC_OPENGL,
					USE_A_C,
					NOASM,
					RENDERTYPESDL,
				);
				GCC_VERSION_i386 = 4.0;
				GCC_VERSION_ppc = 4.0;
				HEADER_SEARCH_PATHS = ../include;
				MACOSX_DEPLOYMENT_TARGET_i386 = 10.4;
				MACOSX_DEPLOYMENT_TARGET_ppc = 10.3;
				PREBINDING = NO;
				SDKROOT_i386 = /Developer/SDKs/MacOSX10.4u.sdk;
				SDKROOT_ppc = /Developer/SDKs/MacOSX10.3.9.sdk;
			};
			name = Debug;
		};
		AB73600E0A29AA64003261DC /* Release */ = {
			isa = XCBuildConfiguration;
			buildSettings = {
				ARCHS = (
					ppc,
					i386,
				);
				COPY_PHASE_STRIP = YES;
				FRAMEWORK_SEARCH_PATHS = /Library/Frameworks;
				GCC_CHAR_IS_UNSIGNED_CHAR = YES;
				GCC_ENABLE_CPP_EXCEPTIONS = NO;
				GCC_ENABLE_CPP_RTTI = NO;
				GCC_PREPROCESSOR_DEFINITIONS = (
					SUPERBUILD,
					POLYMOST,
					USE_OPENGL,
					DYNAMIC_OPENGL,
					USE_A_C,
					NOASM,
					RENDERTYPESDL,
				);
				GCC_VERSION_i386 = 4.0;
				GCC_VERSION_ppc = 4.0;
				HEADER_SEARCH_PATHS = ../include;
				MACOSX_DEPLOYMENT_TARGET_i386 = 10.4;
				MACOSX_DEPLOYMENT_TARGET_ppc = 10.3;
				PREBINDING = NO;
				SDKROOT_i386 = /Developer/SDKs/MacOSX10.4u.sdk;
				SDKROOT_ppc = /Developer/SDKs/MacOSX10.3.9.sdk;
			};
			name = Release;
		};
		AB73602F0A29AB09003261DC /* Debug */ = {
			isa = XCBuildConfiguration;
			buildSettings = {
				FRAMEWORK_SEARCH_PATHS = (
					"$(inherited)",
					"$(FRAMEWORK_SEARCH_PATHS_QUOTED_1)",
				);
				FRAMEWORK_SEARCH_PATHS_QUOTED_1 = "\"$(SRCROOT)/../../_output/Debug\"";
				GCC_ENABLE_FIX_AND_CONTINUE = YES;
				INFOPLIST_FILE = "game-Info.plist";
				INSTALL_PATH = "$(HOME)/Applications";
				OTHER_LDFLAGS = "-lstdc++";
				PRODUCT_NAME = game;
				WRAPPER_EXTENSION = app;
			};
			name = Debug;
		};
		AB7360300A29AB09003261DC /* Release */ = {
			isa = XCBuildConfiguration;
			buildSettings = {
				FRAMEWORK_SEARCH_PATHS = (
					"$(inherited)",
					"$(FRAMEWORK_SEARCH_PATHS_QUOTED_1)",
				);
				FRAMEWORK_SEARCH_PATHS_QUOTED_1 = "\"$(SRCROOT)/../../_output/Debug\"";
				GCC_ENABLE_FIX_AND_CONTINUE = NO;
				INFOPLIST_FILE = "game-Info.plist";
				INSTALL_PATH = "$(HOME)/Applications";
				OTHER_LDFLAGS = "-lstdc++";
				PRODUCT_NAME = game;
				WRAPPER_EXTENSION = app;
			};
			name = Release;
		};
		AB7360540A29AD92003261DC /* Debug */ = {
			isa = XCBuildConfiguration;
			buildSettings = {
				INFOPLIST_FILE = "build-Info.plist";
				INSTALL_PATH = "$(HOME)/Applications";
				OTHER_LDFLAGS = "-lstdc++";
				PRODUCT_NAME = build;
				WRAPPER_EXTENSION = app;
			};
			name = Debug;
		};
		AB7360550A29AD92003261DC /* Release */ = {
			isa = XCBuildConfiguration;
			buildSettings = {
				INFOPLIST_FILE = "build-Info.plist";
				INSTALL_PATH = "$(HOME)/Applications";
				OTHER_LDFLAGS = "-lstdc++";
				PRODUCT_NAME = build;
				WRAPPER_EXTENSION = app;
			};
			name = Release;
		};
/* End XCBuildConfiguration section */

/* Begin XCConfigurationList section */
		AB73600C0A29AA64003261DC /* Build configuration list for PBXProject "game" */ = {
			isa = XCConfigurationList;
			buildConfigurations = (
				AB73600D0A29AA64003261DC /* Debug */,
				AB73600E0A29AA64003261DC /* Release */,
			);
			defaultConfigurationIsVisible = 0;
			defaultConfigurationName = Release;
		};
		AB73602E0A29AB09003261DC /* Build configuration list for PBXNativeTarget "game" */ = {
			isa = XCConfigurationList;
			buildConfigurations = (
				AB73602F0A29AB09003261DC /* Debug */,
				AB7360300A29AB09003261DC /* Release */,
			);
			defaultConfigurationIsVisible = 0;
			defaultConfigurationName = Release;
		};
		AB7360530A29AD92003261DC /* Build configuration list for PBXNativeTarget "build" */ = {
			isa = XCConfigurationList;
			buildConfigurations = (
				AB7360540A29AD92003261DC /* Debug */,
				AB7360550A29AD92003261DC /* Release */,
			);
			defaultConfigurationIsVisible = 0;
			defaultConfigurationName = Release;
		};
/* End XCConfigurationList section */
	};
	rootObject = AB73600B0A29AA64003261DC /* Project object */;
}
